// !$*UTF8*$!
{
	archiveVersion = 1;
	classes = {
	};
	objectVersion = 46;
	objects = {

/* Begin PBXBuildFile section */
		68977CBE70BF75CDA4286904 /* Pods_Unit_tests.framework in Frameworks */ = {isa = PBXBuildFile; fileRef = 7BC522B19FA904B2534AB51D /* Pods_Unit_tests.framework */; };
		7968C0EB21EA8A42992D5508 /* Pods_UI_tests.framework in Frameworks */ = {isa = PBXBuildFile; fileRef = 47A64326D226F615D66F4BF8 /* Pods_UI_tests.framework */; };
		9F08635E1D35355600C56883 /* HasNextButtonAndHeadlineLabel.swift in Sources */ = {isa = PBXBuildFile; fileRef = 9F08635D1D35355600C56883 /* HasNextButtonAndHeadlineLabel.swift */; };
		9F0D2E0C1D214E830085BA12 /* SnapOnboardingViewControllerProtocol.swift in Sources */ = {isa = PBXBuildFile; fileRef = 9F0D2E0B1D214E830085BA12 /* SnapOnboardingViewControllerProtocol.swift */; };
		9F0D2E0F1D215EB90085BA12 /* LocationViewControllerProtocol.swift in Sources */ = {isa = PBXBuildFile; fileRef = 9F0D2E0E1D215EB90085BA12 /* LocationViewControllerProtocol.swift */; };
		9F10E8351D3696190049069B /* Images.swift in Sources */ = {isa = PBXBuildFile; fileRef = 9F10E8341D3696190049069B /* Images.swift */; };
		9F150B721D17CF4800C3D716 /* SnapOnboarding.storyboard in Resources */ = {isa = PBXBuildFile; fileRef = 9F150B741D17CF4800C3D716 /* SnapOnboarding.storyboard */; };
		9F1E9B071D0EE2F900E0EC40 /* SnapOnboardingViewController.swift in Sources */ = {isa = PBXBuildFile; fileRef = 9F1E9B061D0EE2F900E0EC40 /* SnapOnboardingViewController.swift */; };
		9F1E9B0B1D0EE54A00E0EC40 /* SnapOnboardingConfiguration.swift in Sources */ = {isa = PBXBuildFile; fileRef = 9F1E9B0A1D0EE54A00E0EC40 /* SnapOnboardingConfiguration.swift */; };
		9F1E9B161D104E7200E0EC40 /* SnapOnboardingDelegate.swift in Sources */ = {isa = PBXBuildFile; fileRef = 9F1E9B151D104E7200E0EC40 /* SnapOnboardingDelegate.swift */; };
		9F25D07E1D1AE30B00B56D6A /* SnapOnboardingHeadlineLabel.swift in Sources */ = {isa = PBXBuildFile; fileRef = 9F25D07D1D1AE30B00B56D6A /* SnapOnboardingHeadlineLabel.swift */; };
		9F31A1A11D2299B90029DFC7 /* SnapOnboarding_iOSUITests.swift in Sources */ = {isa = PBXBuildFile; fileRef = 9F4CE0D21D0EB2A000A6A1FB /* SnapOnboarding_iOSUITests.swift */; };
		9F4CE0B31D0EB2A000A6A1FB /* AppDelegate.swift in Sources */ = {isa = PBXBuildFile; fileRef = 9F4CE0B21D0EB2A000A6A1FB /* AppDelegate.swift */; };
		9F4CE0B51D0EB2A000A6A1FB /* ViewController.swift in Sources */ = {isa = PBXBuildFile; fileRef = 9F4CE0B41D0EB2A000A6A1FB /* ViewController.swift */; };
		9F4CE0B81D0EB2A000A6A1FB /* Main.storyboard in Resources */ = {isa = PBXBuildFile; fileRef = 9F4CE0B61D0EB2A000A6A1FB /* Main.storyboard */; };
		9F4CE0BA1D0EB2A000A6A1FB /* Assets.xcassets in Resources */ = {isa = PBXBuildFile; fileRef = 9F4CE0B91D0EB2A000A6A1FB /* Assets.xcassets */; };
		9F4CE0BD1D0EB2A000A6A1FB /* LaunchScreen.storyboard in Resources */ = {isa = PBXBuildFile; fileRef = 9F4CE0BB1D0EB2A000A6A1FB /* LaunchScreen.storyboard */; };
		9F4CE0C81D0EB2A000A6A1FB /* SnapOnboardingDelegateTests.swift in Sources */ = {isa = PBXBuildFile; fileRef = 9F4CE0C71D0EB2A000A6A1FB /* SnapOnboardingDelegateTests.swift */; };
		9F59C6401D17043900CAD9F7 /* IntroViewControllerDelegate.swift in Sources */ = {isa = PBXBuildFile; fileRef = 9F59C63F1D17043900CAD9F7 /* IntroViewControllerDelegate.swift */; };
		9F59C6431D17072C00CAD9F7 /* LocationViewControllerDelegate.swift in Sources */ = {isa = PBXBuildFile; fileRef = 9F59C6421D17072C00CAD9F7 /* LocationViewControllerDelegate.swift */; };
		9F92207E1D359CC2006CDA84 /* Helpers.swift in Sources */ = {isa = PBXBuildFile; fileRef = 9FA4EE1D1D2BE9E5002EAEFF /* Helpers.swift */; };
		9F93DF471D2A615C006D16B9 /* HasSparklingStars.swift in Sources */ = {isa = PBXBuildFile; fileRef = 9F93DF461D2A615C006D16B9 /* HasSparklingStars.swift */; };
		9F93DF491D2A7BE0006D16B9 /* IntroViewControllerProtocol.swift in Sources */ = {isa = PBXBuildFile; fileRef = 9F93DF481D2A7BE0006D16B9 /* IntroViewControllerProtocol.swift */; };
		9F93DF4B1D2A7CBD006D16B9 /* LoginViewControllerProtocol.swift in Sources */ = {isa = PBXBuildFile; fileRef = 9F93DF4A1D2A7CBD006D16B9 /* LoginViewControllerProtocol.swift */; };
		9F9C7D391D16CE89006203B7 /* IntroViewController.swift in Sources */ = {isa = PBXBuildFile; fileRef = 9F9C7D381D16CE89006203B7 /* IntroViewController.swift */; };
		9F9C7D3B1D16CE9A006203B7 /* LocationViewController.swift in Sources */ = {isa = PBXBuildFile; fileRef = 9F9C7D3A1D16CE9A006203B7 /* LocationViewController.swift */; };
		9F9C7D3D1D16CEA6006203B7 /* LoginViewController.swift in Sources */ = {isa = PBXBuildFile; fileRef = 9F9C7D3C1D16CEA6006203B7 /* LoginViewController.swift */; };
		9FA4EE0E1D2B9FC4002EAEFF /* IntroViewControllerSnapshots.swift in Sources */ = {isa = PBXBuildFile; fileRef = 9FA4EE0D1D2B9FC4002EAEFF /* IntroViewControllerSnapshots.swift */; };
		9FA4EE1A1D2BDDD0002EAEFF /* LocationViewControllerSnapshots.swift in Sources */ = {isa = PBXBuildFile; fileRef = 9FA4EE191D2BDDD0002EAEFF /* LocationViewControllerSnapshots.swift */; };
		9FA4EE1C1D2BDEE8002EAEFF /* LoginViewControllerSnapshots.swift in Sources */ = {isa = PBXBuildFile; fileRef = 9FA4EE1B1D2BDEE8002EAEFF /* LoginViewControllerSnapshots.swift */; };
		9FA4EE1E1D2BE9E5002EAEFF /* Helpers.swift in Sources */ = {isa = PBXBuildFile; fileRef = 9FA4EE1D1D2BE9E5002EAEFF /* Helpers.swift */; };
		9FA4EE221D2BF555002EAEFF /* SnapOnboardingViewController+.swift in Sources */ = {isa = PBXBuildFile; fileRef = 9FA4EE211D2BF555002EAEFF /* SnapOnboardingViewController+.swift */; };
		9FADA8B61D1974DF00746E71 /* LoginViewControllerDelegate.swift in Sources */ = {isa = PBXBuildFile; fileRef = 9FADA8B51D1974DF00746E71 /* LoginViewControllerDelegate.swift */; };
		9FAFCDE71D23C4AC00CE3DE8 /* TagsCollectionViewController.swift in Sources */ = {isa = PBXBuildFile; fileRef = 9FAFCDE61D23C4AC00CE3DE8 /* TagsCollectionViewController.swift */; };
		9FAFCDE91D23CDF600CE3DE8 /* SnapTagsView-DefaultImages.xcassets in Resources */ = {isa = PBXBuildFile; fileRef = 9FAFCDE81D23CDF600CE3DE8 /* SnapTagsView-DefaultImages.xcassets */; };
		9FE045311D25596800BCA50A /* UIViewController+ScreenSizes.swift in Sources */ = {isa = PBXBuildFile; fileRef = 9FE045301D25596800BCA50A /* UIViewController+ScreenSizes.swift */; };
		A2EE881DC709833A592E2278 /* Pods_SnapOnboarding_iOS.framework in Frameworks */ = {isa = PBXBuildFile; fileRef = 5CE1A0F3BE5E7F085708FC4A /* Pods_SnapOnboarding_iOS.framework */; };
		C83A03FF27ECB305B5ACC77B /* Pods_Snapshot_tests.framework in Frameworks */ = {isa = PBXBuildFile; fileRef = 5B674D9AA7F85CFEF2BC5ECF /* Pods_Snapshot_tests.framework */; };
/* End PBXBuildFile section */

/* Begin PBXContainerItemProxy section */
		9F4CE0C41D0EB2A000A6A1FB /* PBXContainerItemProxy */ = {
			isa = PBXContainerItemProxy;
			containerPortal = 9F4CE0A71D0EB29F00A6A1FB /* Project object */;
			proxyType = 1;
			remoteGlobalIDString = 9F4CE0AE1D0EB29F00A6A1FB;
			remoteInfo = "SnapOnboarding-iOS";
		};
		9F4CE0CF1D0EB2A000A6A1FB /* PBXContainerItemProxy */ = {
			isa = PBXContainerItemProxy;
			containerPortal = 9F4CE0A71D0EB29F00A6A1FB /* Project object */;
			proxyType = 1;
			remoteGlobalIDString = 9F4CE0AE1D0EB29F00A6A1FB;
			remoteInfo = "SnapOnboarding-iOS";
		};
		9FA4EE101D2B9FC4002EAEFF /* PBXContainerItemProxy */ = {
			isa = PBXContainerItemProxy;
			containerPortal = 9F4CE0A71D0EB29F00A6A1FB /* Project object */;
			proxyType = 1;
			remoteGlobalIDString = 9F4CE0AE1D0EB29F00A6A1FB;
			remoteInfo = "SnapOnboarding-iOS";
		};
/* End PBXContainerItemProxy section */

/* Begin PBXFileReference section */
		058FF73DE5D90C7A5E7E65FB /* Pods-SnapOnboarding-iOSUITests.debug.xcconfig */ = {isa = PBXFileReference; includeInIndex = 1; lastKnownFileType = text.xcconfig; name = "Pods-SnapOnboarding-iOSUITests.debug.xcconfig"; path = "Pods/Target Support Files/Pods-SnapOnboarding-iOSUITests/Pods-SnapOnboarding-iOSUITests.debug.xcconfig"; sourceTree = "<group>"; };
		0D506531B2C045BC775ECF99 /* Pods-SnapOnboarding-iOSUITests.release.xcconfig */ = {isa = PBXFileReference; includeInIndex = 1; lastKnownFileType = text.xcconfig; name = "Pods-SnapOnboarding-iOSUITests.release.xcconfig"; path = "Pods/Target Support Files/Pods-SnapOnboarding-iOSUITests/Pods-SnapOnboarding-iOSUITests.release.xcconfig"; sourceTree = "<group>"; };
		192CECEEDD4AEAC14DD3D401 /* Pods-SnapOnboarding-iOSSnapshotTests.release.xcconfig */ = {isa = PBXFileReference; includeInIndex = 1; lastKnownFileType = text.xcconfig; name = "Pods-SnapOnboarding-iOSSnapshotTests.release.xcconfig"; path = "Pods/Target Support Files/Pods-SnapOnboarding-iOSSnapshotTests/Pods-SnapOnboarding-iOSSnapshotTests.release.xcconfig"; sourceTree = "<group>"; };
		1EC396F9B6B9A8CD643D85C2 /* Pods-UI_tests.debug.xcconfig */ = {isa = PBXFileReference; includeInIndex = 1; lastKnownFileType = text.xcconfig; name = "Pods-UI_tests.debug.xcconfig"; path = "Pods/Target Support Files/Pods-UI_tests/Pods-UI_tests.debug.xcconfig"; sourceTree = "<group>"; };
		47A64326D226F615D66F4BF8 /* Pods_UI_tests.framework */ = {isa = PBXFileReference; explicitFileType = wrapper.framework; includeInIndex = 0; path = Pods_UI_tests.framework; sourceTree = BUILT_PRODUCTS_DIR; };
		536EFA56B0C768995691AFF3 /* Pods-SnapOnboarding-iOSTests.debug.xcconfig */ = {isa = PBXFileReference; includeInIndex = 1; lastKnownFileType = text.xcconfig; name = "Pods-SnapOnboarding-iOSTests.debug.xcconfig"; path = "Pods/Target Support Files/Pods-SnapOnboarding-iOSTests/Pods-SnapOnboarding-iOSTests.debug.xcconfig"; sourceTree = "<group>"; };
		5573800E118BCDDF5A032055 /* Pods-Snapshot_tests.debug.xcconfig */ = {isa = PBXFileReference; includeInIndex = 1; lastKnownFileType = text.xcconfig; name = "Pods-Snapshot_tests.debug.xcconfig"; path = "Pods/Target Support Files/Pods-Snapshot_tests/Pods-Snapshot_tests.debug.xcconfig"; sourceTree = "<group>"; };
		5B674D9AA7F85CFEF2BC5ECF /* Pods_Snapshot_tests.framework */ = {isa = PBXFileReference; explicitFileType = wrapper.framework; includeInIndex = 0; path = Pods_Snapshot_tests.framework; sourceTree = BUILT_PRODUCTS_DIR; };
		5CE1A0F3BE5E7F085708FC4A /* Pods_SnapOnboarding_iOS.framework */ = {isa = PBXFileReference; explicitFileType = wrapper.framework; includeInIndex = 0; path = Pods_SnapOnboarding_iOS.framework; sourceTree = BUILT_PRODUCTS_DIR; };
		61FA61E55698DC3EA237BB46 /* Pods-SnapOnboarding-iOS.debug.xcconfig */ = {isa = PBXFileReference; includeInIndex = 1; lastKnownFileType = text.xcconfig; name = "Pods-SnapOnboarding-iOS.debug.xcconfig"; path = "Pods/Target Support Files/Pods-SnapOnboarding-iOS/Pods-SnapOnboarding-iOS.debug.xcconfig"; sourceTree = "<group>"; };
		71ECF7E836A5A74BF1CD8FBC /* Pods-UI_tests.release.xcconfig */ = {isa = PBXFileReference; includeInIndex = 1; lastKnownFileType = text.xcconfig; name = "Pods-UI_tests.release.xcconfig"; path = "Pods/Target Support Files/Pods-UI_tests/Pods-UI_tests.release.xcconfig"; sourceTree = "<group>"; };
		7BC522B19FA904B2534AB51D /* Pods_Unit_tests.framework */ = {isa = PBXFileReference; explicitFileType = wrapper.framework; includeInIndex = 0; path = Pods_Unit_tests.framework; sourceTree = BUILT_PRODUCTS_DIR; };
		7FCA76CA7F6C45E23D378798 /* Pods-Unit_tests.release.xcconfig */ = {isa = PBXFileReference; includeInIndex = 1; lastKnownFileType = text.xcconfig; name = "Pods-Unit_tests.release.xcconfig"; path = "Pods/Target Support Files/Pods-Unit_tests/Pods-Unit_tests.release.xcconfig"; sourceTree = "<group>"; };
		83E0D5046DFCB39BD51FA799 /* Pods-SnapOnboarding-iOS.release.xcconfig */ = {isa = PBXFileReference; includeInIndex = 1; lastKnownFileType = text.xcconfig; name = "Pods-SnapOnboarding-iOS.release.xcconfig"; path = "Pods/Target Support Files/Pods-SnapOnboarding-iOS/Pods-SnapOnboarding-iOS.release.xcconfig"; sourceTree = "<group>"; };
		9F08635D1D35355600C56883 /* HasNextButtonAndHeadlineLabel.swift */ = {isa = PBXFileReference; fileEncoding = 4; lastKnownFileType = sourcecode.swift; path = HasNextButtonAndHeadlineLabel.swift; sourceTree = "<group>"; };
		9F0D2E0B1D214E830085BA12 /* SnapOnboardingViewControllerProtocol.swift */ = {isa = PBXFileReference; fileEncoding = 4; lastKnownFileType = sourcecode.swift; path = SnapOnboardingViewControllerProtocol.swift; sourceTree = "<group>"; };
		9F0D2E0E1D215EB90085BA12 /* LocationViewControllerProtocol.swift */ = {isa = PBXFileReference; fileEncoding = 4; lastKnownFileType = sourcecode.swift; path = LocationViewControllerProtocol.swift; sourceTree = "<group>"; };
		9F10E8341D3696190049069B /* Images.swift */ = {isa = PBXFileReference; fileEncoding = 4; lastKnownFileType = sourcecode.swift; name = Images.swift; path = Helpers/Constants/Images.swift; sourceTree = "<group>"; };
		9F150B731D17CF4800C3D716 /* Base */ = {isa = PBXFileReference; lastKnownFileType = file.storyboard; name = Base; path = Base.lproj/SnapOnboarding.storyboard; sourceTree = "<group>"; };
		9F1E9B061D0EE2F900E0EC40 /* SnapOnboardingViewController.swift */ = {isa = PBXFileReference; fileEncoding = 4; lastKnownFileType = sourcecode.swift; path = SnapOnboardingViewController.swift; sourceTree = "<group>"; };
		9F1E9B0A1D0EE54A00E0EC40 /* SnapOnboardingConfiguration.swift */ = {isa = PBXFileReference; fileEncoding = 4; lastKnownFileType = sourcecode.swift; path = SnapOnboardingConfiguration.swift; sourceTree = "<group>"; };
		9F1E9B151D104E7200E0EC40 /* SnapOnboardingDelegate.swift */ = {isa = PBXFileReference; fileEncoding = 4; lastKnownFileType = sourcecode.swift; path = SnapOnboardingDelegate.swift; sourceTree = "<group>"; };
		9F25D07D1D1AE30B00B56D6A /* SnapOnboardingHeadlineLabel.swift */ = {isa = PBXFileReference; fileEncoding = 4; lastKnownFileType = sourcecode.swift; path = SnapOnboardingHeadlineLabel.swift; sourceTree = "<group>"; };
		9F4CE0AF1D0EB29F00A6A1FB /* SnapOnboarding-iOS.app */ = {isa = PBXFileReference; explicitFileType = wrapper.application; includeInIndex = 0; path = "SnapOnboarding-iOS.app"; sourceTree = BUILT_PRODUCTS_DIR; };
		9F4CE0B21D0EB2A000A6A1FB /* AppDelegate.swift */ = {isa = PBXFileReference; lastKnownFileType = sourcecode.swift; name = AppDelegate.swift; path = "SnapOnboarding-iOS/AppDelegate.swift"; sourceTree = "<group>"; };
		9F4CE0B41D0EB2A000A6A1FB /* ViewController.swift */ = {isa = PBXFileReference; lastKnownFileType = sourcecode.swift; name = ViewController.swift; path = "SnapOnboarding-iOS/ViewController.swift"; sourceTree = "<group>"; };
		9F4CE0B71D0EB2A000A6A1FB /* Base */ = {isa = PBXFileReference; lastKnownFileType = file.storyboard; name = Base; path = Base.lproj/Main.storyboard; sourceTree = "<group>"; };
		9F4CE0B91D0EB2A000A6A1FB /* Assets.xcassets */ = {isa = PBXFileReference; lastKnownFileType = folder.assetcatalog; path = Assets.xcassets; sourceTree = "<group>"; };
		9F4CE0BC1D0EB2A000A6A1FB /* Base */ = {isa = PBXFileReference; lastKnownFileType = file.storyboard; name = Base; path = Base.lproj/LaunchScreen.storyboard; sourceTree = "<group>"; };
		9F4CE0BE1D0EB2A000A6A1FB /* Info.plist */ = {isa = PBXFileReference; lastKnownFileType = text.plist.xml; name = Info.plist; path = "SnapOnboarding-iOS/Info.plist"; sourceTree = "<group>"; };
		9F4CE0C31D0EB2A000A6A1FB /* Unit_tests.xctest */ = {isa = PBXFileReference; explicitFileType = wrapper.cfbundle; includeInIndex = 0; path = Unit_tests.xctest; sourceTree = BUILT_PRODUCTS_DIR; };
		9F4CE0C71D0EB2A000A6A1FB /* SnapOnboardingDelegateTests.swift */ = {isa = PBXFileReference; lastKnownFileType = sourcecode.swift; path = SnapOnboardingDelegateTests.swift; sourceTree = "<group>"; };
		9F4CE0C91D0EB2A000A6A1FB /* Info.plist */ = {isa = PBXFileReference; lastKnownFileType = text.plist.xml; path = Info.plist; sourceTree = "<group>"; };
		9F4CE0CE1D0EB2A000A6A1FB /* UI_tests.xctest */ = {isa = PBXFileReference; explicitFileType = wrapper.cfbundle; includeInIndex = 0; path = UI_tests.xctest; sourceTree = BUILT_PRODUCTS_DIR; };
		9F4CE0D21D0EB2A000A6A1FB /* SnapOnboarding_iOSUITests.swift */ = {isa = PBXFileReference; lastKnownFileType = sourcecode.swift; path = SnapOnboarding_iOSUITests.swift; sourceTree = "<group>"; };
		9F4CE0D41D0EB2A000A6A1FB /* Info.plist */ = {isa = PBXFileReference; lastKnownFileType = text.plist.xml; path = Info.plist; sourceTree = "<group>"; };
		9F59C63F1D17043900CAD9F7 /* IntroViewControllerDelegate.swift */ = {isa = PBXFileReference; fileEncoding = 4; lastKnownFileType = sourcecode.swift; path = IntroViewControllerDelegate.swift; sourceTree = "<group>"; };
		9F59C6421D17072C00CAD9F7 /* LocationViewControllerDelegate.swift */ = {isa = PBXFileReference; fileEncoding = 4; lastKnownFileType = sourcecode.swift; path = LocationViewControllerDelegate.swift; sourceTree = "<group>"; };
		9F93DF461D2A615C006D16B9 /* HasSparklingStars.swift */ = {isa = PBXFileReference; fileEncoding = 4; lastKnownFileType = sourcecode.swift; path = HasSparklingStars.swift; sourceTree = "<group>"; };
		9F93DF481D2A7BE0006D16B9 /* IntroViewControllerProtocol.swift */ = {isa = PBXFileReference; fileEncoding = 4; lastKnownFileType = sourcecode.swift; path = IntroViewControllerProtocol.swift; sourceTree = "<group>"; };
		9F93DF4A1D2A7CBD006D16B9 /* LoginViewControllerProtocol.swift */ = {isa = PBXFileReference; fileEncoding = 4; lastKnownFileType = sourcecode.swift; path = LoginViewControllerProtocol.swift; sourceTree = "<group>"; };
		9F9C7D381D16CE89006203B7 /* IntroViewController.swift */ = {isa = PBXFileReference; fileEncoding = 4; lastKnownFileType = sourcecode.swift; path = IntroViewController.swift; sourceTree = "<group>"; };
		9F9C7D3A1D16CE9A006203B7 /* LocationViewController.swift */ = {isa = PBXFileReference; fileEncoding = 4; lastKnownFileType = sourcecode.swift; path = LocationViewController.swift; sourceTree = "<group>"; };
		9F9C7D3C1D16CEA6006203B7 /* LoginViewController.swift */ = {isa = PBXFileReference; fileEncoding = 4; lastKnownFileType = sourcecode.swift; path = LoginViewController.swift; sourceTree = "<group>"; };
		9FA4EE0B1D2B9FC4002EAEFF /* Snapshot_tests.xctest */ = {isa = PBXFileReference; explicitFileType = wrapper.cfbundle; includeInIndex = 0; path = Snapshot_tests.xctest; sourceTree = BUILT_PRODUCTS_DIR; };
		9FA4EE0D1D2B9FC4002EAEFF /* IntroViewControllerSnapshots.swift */ = {isa = PBXFileReference; lastKnownFileType = sourcecode.swift; path = IntroViewControllerSnapshots.swift; sourceTree = "<group>"; };
		9FA4EE0F1D2B9FC4002EAEFF /* Info.plist */ = {isa = PBXFileReference; lastKnownFileType = text.plist.xml; path = Info.plist; sourceTree = "<group>"; };
		9FA4EE191D2BDDD0002EAEFF /* LocationViewControllerSnapshots.swift */ = {isa = PBXFileReference; fileEncoding = 4; lastKnownFileType = sourcecode.swift; path = LocationViewControllerSnapshots.swift; sourceTree = "<group>"; };
		9FA4EE1B1D2BDEE8002EAEFF /* LoginViewControllerSnapshots.swift */ = {isa = PBXFileReference; fileEncoding = 4; lastKnownFileType = sourcecode.swift; path = LoginViewControllerSnapshots.swift; sourceTree = "<group>"; };
		9FA4EE1D1D2BE9E5002EAEFF /* Helpers.swift */ = {isa = PBXFileReference; fileEncoding = 4; lastKnownFileType = sourcecode.swift; path = Helpers.swift; sourceTree = "<group>"; };
		9FA4EE211D2BF555002EAEFF /* SnapOnboardingViewController+.swift */ = {isa = PBXFileReference; fileEncoding = 4; lastKnownFileType = sourcecode.swift; path = "SnapOnboardingViewController+.swift"; sourceTree = "<group>"; };
		9FADA8B51D1974DF00746E71 /* LoginViewControllerDelegate.swift */ = {isa = PBXFileReference; fileEncoding = 4; lastKnownFileType = sourcecode.swift; path = LoginViewControllerDelegate.swift; sourceTree = "<group>"; };
		9FAFCDE61D23C4AC00CE3DE8 /* TagsCollectionViewController.swift */ = {isa = PBXFileReference; fileEncoding = 4; lastKnownFileType = sourcecode.swift; path = TagsCollectionViewController.swift; sourceTree = "<group>"; };
		9FAFCDE81D23CDF600CE3DE8 /* SnapTagsView-DefaultImages.xcassets */ = {isa = PBXFileReference; lastKnownFileType = folder.assetcatalog; name = "SnapTagsView-DefaultImages.xcassets"; path = "../SnapTagsView-DefaultImages.xcassets"; sourceTree = "<group>"; };
		9FE045301D25596800BCA50A /* UIViewController+ScreenSizes.swift */ = {isa = PBXFileReference; fileEncoding = 4; lastKnownFileType = sourcecode.swift; path = "UIViewController+ScreenSizes.swift"; sourceTree = "<group>"; };
		A0879122D4563E1A3D362F8D /* Pods-SnapOnboarding-iOSSnapshotTests.debug.xcconfig */ = {isa = PBXFileReference; includeInIndex = 1; lastKnownFileType = text.xcconfig; name = "Pods-SnapOnboarding-iOSSnapshotTests.debug.xcconfig"; path = "Pods/Target Support Files/Pods-SnapOnboarding-iOSSnapshotTests/Pods-SnapOnboarding-iOSSnapshotTests.debug.xcconfig"; sourceTree = "<group>"; };
		DDE74454A009859318ED6D47 /* Pods-Snapshot_tests.release.xcconfig */ = {isa = PBXFileReference; includeInIndex = 1; lastKnownFileType = text.xcconfig; name = "Pods-Snapshot_tests.release.xcconfig"; path = "Pods/Target Support Files/Pods-Snapshot_tests/Pods-Snapshot_tests.release.xcconfig"; sourceTree = "<group>"; };
		E3EE7B5BF699CD4FA4123D14 /* Pods-Unit_tests.debug.xcconfig */ = {isa = PBXFileReference; includeInIndex = 1; lastKnownFileType = text.xcconfig; name = "Pods-Unit_tests.debug.xcconfig"; path = "Pods/Target Support Files/Pods-Unit_tests/Pods-Unit_tests.debug.xcconfig"; sourceTree = "<group>"; };
		E7FD148DE0B50B30630A0909 /* Pods-SnapOnboarding-iOSTests.release.xcconfig */ = {isa = PBXFileReference; includeInIndex = 1; lastKnownFileType = text.xcconfig; name = "Pods-SnapOnboarding-iOSTests.release.xcconfig"; path = "Pods/Target Support Files/Pods-SnapOnboarding-iOSTests/Pods-SnapOnboarding-iOSTests.release.xcconfig"; sourceTree = "<group>"; };
/* End PBXFileReference section */

/* Begin PBXFrameworksBuildPhase section */
		9F4CE0AC1D0EB29F00A6A1FB /* Frameworks */ = {
			isa = PBXFrameworksBuildPhase;
			buildActionMask = 2147483647;
			files = (
				A2EE881DC709833A592E2278 /* Pods_SnapOnboarding_iOS.framework in Frameworks */,
			);
			runOnlyForDeploymentPostprocessing = 0;
		};
		9F4CE0C01D0EB2A000A6A1FB /* Frameworks */ = {
			isa = PBXFrameworksBuildPhase;
			buildActionMask = 2147483647;
			files = (
				68977CBE70BF75CDA4286904 /* Pods_Unit_tests.framework in Frameworks */,
			);
			runOnlyForDeploymentPostprocessing = 0;
		};
		9F4CE0CB1D0EB2A000A6A1FB /* Frameworks */ = {
			isa = PBXFrameworksBuildPhase;
			buildActionMask = 2147483647;
			files = (
				7968C0EB21EA8A42992D5508 /* Pods_UI_tests.framework in Frameworks */,
			);
			runOnlyForDeploymentPostprocessing = 0;
		};
		9FA4EE081D2B9FC4002EAEFF /* Frameworks */ = {
			isa = PBXFrameworksBuildPhase;
			buildActionMask = 2147483647;
			files = (
				C83A03FF27ECB305B5ACC77B /* Pods_Snapshot_tests.framework in Frameworks */,
			);
			runOnlyForDeploymentPostprocessing = 0;
		};
/* End PBXFrameworksBuildPhase section */

/* Begin PBXGroup section */
		01C7450FE35E7D7651EBF792 /* Pods */ = {
			isa = PBXGroup;
			children = (
				61FA61E55698DC3EA237BB46 /* Pods-SnapOnboarding-iOS.debug.xcconfig */,
				83E0D5046DFCB39BD51FA799 /* Pods-SnapOnboarding-iOS.release.xcconfig */,
				536EFA56B0C768995691AFF3 /* Pods-SnapOnboarding-iOSTests.debug.xcconfig */,
				E7FD148DE0B50B30630A0909 /* Pods-SnapOnboarding-iOSTests.release.xcconfig */,
				058FF73DE5D90C7A5E7E65FB /* Pods-SnapOnboarding-iOSUITests.debug.xcconfig */,
				0D506531B2C045BC775ECF99 /* Pods-SnapOnboarding-iOSUITests.release.xcconfig */,
				A0879122D4563E1A3D362F8D /* Pods-SnapOnboarding-iOSSnapshotTests.debug.xcconfig */,
				192CECEEDD4AEAC14DD3D401 /* Pods-SnapOnboarding-iOSSnapshotTests.release.xcconfig */,
				5573800E118BCDDF5A032055 /* Pods-Snapshot_tests.debug.xcconfig */,
				DDE74454A009859318ED6D47 /* Pods-Snapshot_tests.release.xcconfig */,
				1EC396F9B6B9A8CD643D85C2 /* Pods-UI_tests.debug.xcconfig */,
				71ECF7E836A5A74BF1CD8FBC /* Pods-UI_tests.release.xcconfig */,
				E3EE7B5BF699CD4FA4123D14 /* Pods-Unit_tests.debug.xcconfig */,
				7FCA76CA7F6C45E23D378798 /* Pods-Unit_tests.release.xcconfig */,
			);
			name = Pods;
			sourceTree = "<group>";
		};
		9F10E8321D3695D80049069B /* Helpers */ = {
			isa = PBXGroup;
			children = (
				9F10E8331D3695ED0049069B /* Constants */,
			);
			name = Helpers;
			sourceTree = "<group>";
		};
		9F10E8331D3695ED0049069B /* Constants */ = {
			isa = PBXGroup;
			children = (
				9F10E8341D3696190049069B /* Images.swift */,
			);
			name = Constants;
			sourceTree = "<group>";
		};
		9F1E9B051D0EDDEB00E0EC40 /* Example */ = {
			isa = PBXGroup;
			children = (
				9F4CE0B21D0EB2A000A6A1FB /* AppDelegate.swift */,
				9F4CE0B41D0EB2A000A6A1FB /* ViewController.swift */,
				9F4CE0B61D0EB2A000A6A1FB /* Main.storyboard */,
				9F4CE0BB1D0EB2A000A6A1FB /* LaunchScreen.storyboard */,
				9F4CE0BE1D0EB2A000A6A1FB /* Info.plist */,
			);
			name = Example;
			sourceTree = "<group>";
		};
		9F25D07C1D1AE2D300B56D6A /* Views */ = {
			isa = PBXGroup;
			children = (
				9F25D07D1D1AE30B00B56D6A /* SnapOnboardingHeadlineLabel.swift */,
			);
			name = Views;
			sourceTree = "<group>";
		};
		9F38E0B71D12C49300164E38 /* Intro View Controller */ = {
			isa = PBXGroup;
			children = (
				9F9C7D381D16CE89006203B7 /* IntroViewController.swift */,
				9F93DF481D2A7BE0006D16B9 /* IntroViewControllerProtocol.swift */,
				9F59C63F1D17043900CAD9F7 /* IntroViewControllerDelegate.swift */,
				9FAFCDE61D23C4AC00CE3DE8 /* TagsCollectionViewController.swift */,
				9FAFCDE81D23CDF600CE3DE8 /* SnapTagsView-DefaultImages.xcassets */,
			);
			name = "Intro View Controller";
			sourceTree = "<group>";
		};
		9F38E0B81D12C4B700164E38 /* Location View Controller */ = {
			isa = PBXGroup;
			children = (
				9F9C7D3A1D16CE9A006203B7 /* LocationViewController.swift */,
				9F0D2E0E1D215EB90085BA12 /* LocationViewControllerProtocol.swift */,
				9F59C6421D17072C00CAD9F7 /* LocationViewControllerDelegate.swift */,
			);
			name = "Location View Controller";
			sourceTree = "<group>";
		};
		9F38E0B91D12C4C200164E38 /* Login View Controller */ = {
			isa = PBXGroup;
			children = (
				9F9C7D3C1D16CEA6006203B7 /* LoginViewController.swift */,
				9F93DF4A1D2A7CBD006D16B9 /* LoginViewControllerProtocol.swift */,
				9FADA8B51D1974DF00746E71 /* LoginViewControllerDelegate.swift */,
			);
			name = "Login View Controller";
			sourceTree = "<group>";
		};
		9F4CE0A61D0EB29F00A6A1FB = {
			isa = PBXGroup;
			children = (
				9F4CE0B11D0EB2A000A6A1FB /* SnapOnboarding-iOS */,
				9F1E9B051D0EDDEB00E0EC40 /* Example */,
				9FA4EE161D2BA27D002EAEFF /* Tests */,
				9F4CE0B01D0EB29F00A6A1FB /* Products */,
				01C7450FE35E7D7651EBF792 /* Pods */,
				DA9F3647897C00CAF312E1F6 /* Frameworks */,
			);
			sourceTree = "<group>";
		};
		9F4CE0B01D0EB29F00A6A1FB /* Products */ = {
			isa = PBXGroup;
			children = (
				9F4CE0AF1D0EB29F00A6A1FB /* SnapOnboarding-iOS.app */,
				9F4CE0C31D0EB2A000A6A1FB /* Unit_tests.xctest */,
				9F4CE0CE1D0EB2A000A6A1FB /* UI_tests.xctest */,
				9FA4EE0B1D2B9FC4002EAEFF /* Snapshot_tests.xctest */,
			);
			name = Products;
			sourceTree = "<group>";
		};
		9F4CE0B11D0EB2A000A6A1FB /* SnapOnboarding-iOS */ = {
			isa = PBXGroup;
			children = (
				9F10E8321D3695D80049069B /* Helpers */,
				9F25D07C1D1AE2D300B56D6A /* Views */,
				9F1E9B151D104E7200E0EC40 /* SnapOnboardingDelegate.swift */,
				9F1E9B0A1D0EE54A00E0EC40 /* SnapOnboardingConfiguration.swift */,
				9F0D2E0B1D214E830085BA12 /* SnapOnboardingViewControllerProtocol.swift */,
				9F1E9B061D0EE2F900E0EC40 /* SnapOnboardingViewController.swift */,
				9F93DF461D2A615C006D16B9 /* HasSparklingStars.swift */,
				9F08635D1D35355600C56883 /* HasNextButtonAndHeadlineLabel.swift */,
				9F38E0B71D12C49300164E38 /* Intro View Controller */,
				9F38E0B81D12C4B700164E38 /* Location View Controller */,
				9F38E0B91D12C4C200164E38 /* Login View Controller */,
				9F150B741D17CF4800C3D716 /* SnapOnboarding.storyboard */,
				9F4CE0B91D0EB2A000A6A1FB /* Assets.xcassets */,
				9FE045301D25596800BCA50A /* UIViewController+ScreenSizes.swift */,
			);
			path = "SnapOnboarding-iOS";
			sourceTree = "<group>";
		};
		9F4CE0C61D0EB2A000A6A1FB /* Unit tests */ = {
			isa = PBXGroup;
			children = (
				9F4CE0C71D0EB2A000A6A1FB /* SnapOnboardingDelegateTests.swift */,
				9F4CE0C91D0EB2A000A6A1FB /* Info.plist */,
			);
			name = "Unit tests";
			path = "SnapOnboarding-iOSTests";
			sourceTree = SOURCE_ROOT;
		};
		9F4CE0D11D0EB2A000A6A1FB /* UI Tests */ = {
			isa = PBXGroup;
			children = (
				9F4CE0D21D0EB2A000A6A1FB /* SnapOnboarding_iOSUITests.swift */,
				9F4CE0D41D0EB2A000A6A1FB /* Info.plist */,
			);
			name = "UI Tests";
			path = "SnapOnboarding-iOSUITests";
			sourceTree = SOURCE_ROOT;
		};
		9FA4EE0C1D2B9FC4002EAEFF /* Snapshot tests */ = {
			isa = PBXGroup;
			children = (
				9FA4EE1D1D2BE9E5002EAEFF /* Helpers.swift */,
				9FA4EE211D2BF555002EAEFF /* SnapOnboardingViewController+.swift */,
				9FA4EE0D1D2B9FC4002EAEFF /* IntroViewControllerSnapshots.swift */,
				9FA4EE191D2BDDD0002EAEFF /* LocationViewControllerSnapshots.swift */,
				9FA4EE1B1D2BDEE8002EAEFF /* LoginViewControllerSnapshots.swift */,
				9FA4EE0F1D2B9FC4002EAEFF /* Info.plist */,
			);
			name = "Snapshot tests";
			path = "SnapOnboarding-iOSSnapshotTests";
			sourceTree = SOURCE_ROOT;
		};
		9FA4EE161D2BA27D002EAEFF /* Tests */ = {
			isa = PBXGroup;
			children = (
				9FA4EE0C1D2B9FC4002EAEFF /* Snapshot tests */,
				9F4CE0D11D0EB2A000A6A1FB /* UI Tests */,
				9F4CE0C61D0EB2A000A6A1FB /* Unit tests */,
			);
			name = Tests;
			path = "SnapOnboarding-iOS";
			sourceTree = "<group>";
		};
		DA9F3647897C00CAF312E1F6 /* Frameworks */ = {
			isa = PBXGroup;
			children = (
				5CE1A0F3BE5E7F085708FC4A /* Pods_SnapOnboarding_iOS.framework */,
				5B674D9AA7F85CFEF2BC5ECF /* Pods_Snapshot_tests.framework */,
				47A64326D226F615D66F4BF8 /* Pods_UI_tests.framework */,
				7BC522B19FA904B2534AB51D /* Pods_Unit_tests.framework */,
			);
			name = Frameworks;
			sourceTree = "<group>";
		};
/* End PBXGroup section */

/* Begin PBXNativeTarget section */
		9F4CE0AE1D0EB29F00A6A1FB /* SnapOnboarding-iOS */ = {
			isa = PBXNativeTarget;
			buildConfigurationList = 9F4CE0D71D0EB2A000A6A1FB /* Build configuration list for PBXNativeTarget "SnapOnboarding-iOS" */;
			buildPhases = (
				32DB1EE53E6A863A94C2348B /* [CP] Check Pods Manifest.lock */,
				9F4CE0AB1D0EB29F00A6A1FB /* Sources */,
				9F4CE0AC1D0EB29F00A6A1FB /* Frameworks */,
				9F4CE0AD1D0EB29F00A6A1FB /* Resources */,
				71038536529FD24C7F8FB0A0 /* [CP] Embed Pods Frameworks */,
				44EA2FC4C4E52ED2355AEC06 /* [CP] Copy Pods Resources */,
			);
			buildRules = (
			);
			dependencies = (
			);
			name = "SnapOnboarding-iOS";
			productName = "SnapOnboarding-iOS";
			productReference = 9F4CE0AF1D0EB29F00A6A1FB /* SnapOnboarding-iOS.app */;
			productType = "com.apple.product-type.application";
		};
		9F4CE0C21D0EB2A000A6A1FB /* Unit_tests */ = {
			isa = PBXNativeTarget;
			buildConfigurationList = 9F4CE0DA1D0EB2A000A6A1FB /* Build configuration list for PBXNativeTarget "Unit_tests" */;
			buildPhases = (
				0B0202478826022E5CE9AC37 /* [CP] Check Pods Manifest.lock */,
				9F4CE0BF1D0EB2A000A6A1FB /* Sources */,
				9F4CE0C01D0EB2A000A6A1FB /* Frameworks */,
				9F4CE0C11D0EB2A000A6A1FB /* Resources */,
				741403B2AD14B8CEA1CC8E89 /* [CP] Embed Pods Frameworks */,
				26EEF9FDB1013778A1C9398B /* [CP] Copy Pods Resources */,
			);
			buildRules = (
			);
			dependencies = (
				9F4CE0C51D0EB2A000A6A1FB /* PBXTargetDependency */,
			);
			name = Unit_tests;
			productName = "SnapOnboarding-iOSTests";
			productReference = 9F4CE0C31D0EB2A000A6A1FB /* Unit_tests.xctest */;
			productType = "com.apple.product-type.bundle.unit-test";
		};
		9F4CE0CD1D0EB2A000A6A1FB /* UI_tests */ = {
			isa = PBXNativeTarget;
			buildConfigurationList = 9F4CE0DD1D0EB2A000A6A1FB /* Build configuration list for PBXNativeTarget "UI_tests" */;
			buildPhases = (
				38B48B3CC7B8170D53E42B74 /* [CP] Check Pods Manifest.lock */,
				9F4CE0CA1D0EB2A000A6A1FB /* Sources */,
				9F4CE0CB1D0EB2A000A6A1FB /* Frameworks */,
				9F4CE0CC1D0EB2A000A6A1FB /* Resources */,
				C5495BECF1786582F30B703E /* [CP] Copy Pods Resources */,
			);
			buildRules = (
			);
			dependencies = (
				9F4CE0D01D0EB2A000A6A1FB /* PBXTargetDependency */,
			);
			name = UI_tests;
			productName = "SnapOnboarding-iOSUITests";
			productReference = 9F4CE0CE1D0EB2A000A6A1FB /* UI_tests.xctest */;
			productType = "com.apple.product-type.bundle.ui-testing";
		};
		9FA4EE0A1D2B9FC4002EAEFF /* Snapshot_tests */ = {
			isa = PBXNativeTarget;
			buildConfigurationList = 9FA4EE141D2B9FC4002EAEFF /* Build configuration list for PBXNativeTarget "Snapshot_tests" */;
			buildPhases = (
				5C6D00BD01FD8FBC07F11072 /* [CP] Check Pods Manifest.lock */,
				9FA4EE071D2B9FC4002EAEFF /* Sources */,
				9FA4EE081D2B9FC4002EAEFF /* Frameworks */,
				9FA4EE091D2B9FC4002EAEFF /* Resources */,
				494E323973086BA35C6491B3 /* [CP] Embed Pods Frameworks */,
				C6A59BDEFA6E5687999F71E1 /* [CP] Copy Pods Resources */,
			);
			buildRules = (
			);
			dependencies = (
				9FA4EE111D2B9FC4002EAEFF /* PBXTargetDependency */,
			);
			name = Snapshot_tests;
			productName = "SnapOnboarding-iOSSnapshotTests";
			productReference = 9FA4EE0B1D2B9FC4002EAEFF /* Snapshot_tests.xctest */;
			productType = "com.apple.product-type.bundle.unit-test";
		};
/* End PBXNativeTarget section */

/* Begin PBXProject section */
		9F4CE0A71D0EB29F00A6A1FB /* Project object */ = {
			isa = PBXProject;
			attributes = {
				LastSwiftUpdateCheck = 0730;
				LastUpgradeCheck = 0730;
				ORGANIZATIONNAME = "Gaute Solheim";
				TargetAttributes = {
					9F4CE0AE1D0EB29F00A6A1FB = {
						CreatedOnToolsVersion = 7.3.1;
						DevelopmentTeam = T83284H5PN;
					};
					9F4CE0C21D0EB2A000A6A1FB = {
						CreatedOnToolsVersion = 7.3.1;
						TestTargetID = 9F4CE0AE1D0EB29F00A6A1FB;
					};
					9F4CE0CD1D0EB2A000A6A1FB = {
						CreatedOnToolsVersion = 7.3.1;
						TestTargetID = 9F4CE0AE1D0EB29F00A6A1FB;
					};
					9FA4EE0A1D2B9FC4002EAEFF = {
						CreatedOnToolsVersion = 7.3.1;
						TestTargetID = 9F4CE0AE1D0EB29F00A6A1FB;
					};
				};
			};
			buildConfigurationList = 9F4CE0AA1D0EB29F00A6A1FB /* Build configuration list for PBXProject "SnapOnboarding-iOS" */;
			compatibilityVersion = "Xcode 3.2";
			developmentRegion = English;
			hasScannedForEncodings = 0;
			knownRegions = (
				Base,
			);
			mainGroup = 9F4CE0A61D0EB29F00A6A1FB;
			productRefGroup = 9F4CE0B01D0EB29F00A6A1FB /* Products */;
			projectDirPath = "";
			projectRoot = "";
			targets = (
				9F4CE0AE1D0EB29F00A6A1FB /* SnapOnboarding-iOS */,
				9FA4EE0A1D2B9FC4002EAEFF /* Snapshot_tests */,
				9F4CE0CD1D0EB2A000A6A1FB /* UI_tests */,
				9F4CE0C21D0EB2A000A6A1FB /* Unit_tests */,
			);
		};
/* End PBXProject section */

/* Begin PBXResourcesBuildPhase section */
		9F4CE0AD1D0EB29F00A6A1FB /* Resources */ = {
			isa = PBXResourcesBuildPhase;
			buildActionMask = 2147483647;
			files = (
				9F4CE0BD1D0EB2A000A6A1FB /* LaunchScreen.storyboard in Resources */,
				9F150B721D17CF4800C3D716 /* SnapOnboarding.storyboard in Resources */,
				9F4CE0BA1D0EB2A000A6A1FB /* Assets.xcassets in Resources */,
				9FAFCDE91D23CDF600CE3DE8 /* SnapTagsView-DefaultImages.xcassets in Resources */,
				9F4CE0B81D0EB2A000A6A1FB /* Main.storyboard in Resources */,
			);
			runOnlyForDeploymentPostprocessing = 0;
		};
		9F4CE0C11D0EB2A000A6A1FB /* Resources */ = {
			isa = PBXResourcesBuildPhase;
			buildActionMask = 2147483647;
			files = (
			);
			runOnlyForDeploymentPostprocessing = 0;
		};
		9F4CE0CC1D0EB2A000A6A1FB /* Resources */ = {
			isa = PBXResourcesBuildPhase;
			buildActionMask = 2147483647;
			files = (
			);
			runOnlyForDeploymentPostprocessing = 0;
		};
		9FA4EE091D2B9FC4002EAEFF /* Resources */ = {
			isa = PBXResourcesBuildPhase;
			buildActionMask = 2147483647;
			files = (
			);
			runOnlyForDeploymentPostprocessing = 0;
		};
/* End PBXResourcesBuildPhase section */

/* Begin PBXShellScriptBuildPhase section */
		0B0202478826022E5CE9AC37 /* [CP] Check Pods Manifest.lock */ = {
			isa = PBXShellScriptBuildPhase;
			buildActionMask = 2147483647;
			files = (
			);
			inputPaths = (
			);
			name = "[CP] Check Pods Manifest.lock";
			outputPaths = (
			);
			runOnlyForDeploymentPostprocessing = 0;
			shellPath = /bin/sh;
			shellScript = "diff \"${PODS_ROOT}/../Podfile.lock\" \"${PODS_ROOT}/Manifest.lock\" > /dev/null\nif [[ $? != 0 ]] ; then\n    cat << EOM\nerror: The sandbox is not in sync with the Podfile.lock. Run 'pod install' or update your CocoaPods installation.\nEOM\n    exit 1\nfi\n";
			showEnvVarsInLog = 0;
		};
		26EEF9FDB1013778A1C9398B /* [CP] Copy Pods Resources */ = {
			isa = PBXShellScriptBuildPhase;
			buildActionMask = 2147483647;
			files = (
			);
			inputPaths = (
			);
			name = "[CP] Copy Pods Resources";
			outputPaths = (
			);
			runOnlyForDeploymentPostprocessing = 0;
			shellPath = /bin/sh;
			shellScript = "\"${SRCROOT}/Pods/Target Support Files/Pods-Unit_tests/Pods-Unit_tests-resources.sh\"\n";
			showEnvVarsInLog = 0;
		};
		32DB1EE53E6A863A94C2348B /* [CP] Check Pods Manifest.lock */ = {
			isa = PBXShellScriptBuildPhase;
			buildActionMask = 2147483647;
			files = (
			);
			inputPaths = (
			);
			name = "[CP] Check Pods Manifest.lock";
			outputPaths = (
			);
			runOnlyForDeploymentPostprocessing = 0;
			shellPath = /bin/sh;
			shellScript = "diff \"${PODS_ROOT}/../Podfile.lock\" \"${PODS_ROOT}/Manifest.lock\" > /dev/null\nif [[ $? != 0 ]] ; then\n    cat << EOM\nerror: The sandbox is not in sync with the Podfile.lock. Run 'pod install' or update your CocoaPods installation.\nEOM\n    exit 1\nfi\n";
			showEnvVarsInLog = 0;
		};
		38B48B3CC7B8170D53E42B74 /* [CP] Check Pods Manifest.lock */ = {
			isa = PBXShellScriptBuildPhase;
			buildActionMask = 2147483647;
			files = (
			);
			inputPaths = (
			);
			name = "[CP] Check Pods Manifest.lock";
			outputPaths = (
			);
			runOnlyForDeploymentPostprocessing = 0;
			shellPath = /bin/sh;
			shellScript = "diff \"${PODS_ROOT}/../Podfile.lock\" \"${PODS_ROOT}/Manifest.lock\" > /dev/null\nif [[ $? != 0 ]] ; then\n    cat << EOM\nerror: The sandbox is not in sync with the Podfile.lock. Run 'pod install' or update your CocoaPods installation.\nEOM\n    exit 1\nfi\n";
			showEnvVarsInLog = 0;
		};
		44EA2FC4C4E52ED2355AEC06 /* [CP] Copy Pods Resources */ = {
			isa = PBXShellScriptBuildPhase;
			buildActionMask = 2147483647;
			files = (
			);
			inputPaths = (
			);
			name = "[CP] Copy Pods Resources";
			outputPaths = (
			);
			runOnlyForDeploymentPostprocessing = 0;
			shellPath = /bin/sh;
			shellScript = "\"${SRCROOT}/Pods/Target Support Files/Pods-SnapOnboarding-iOS/Pods-SnapOnboarding-iOS-resources.sh\"\n";
			showEnvVarsInLog = 0;
		};
		494E323973086BA35C6491B3 /* [CP] Embed Pods Frameworks */ = {
			isa = PBXShellScriptBuildPhase;
			buildActionMask = 2147483647;
			files = (
			);
			inputPaths = (
			);
			name = "[CP] Embed Pods Frameworks";
			outputPaths = (
			);
			runOnlyForDeploymentPostprocessing = 0;
			shellPath = /bin/sh;
			shellScript = "\"${SRCROOT}/Pods/Target Support Files/Pods-Snapshot_tests/Pods-Snapshot_tests-frameworks.sh\"\n";
			showEnvVarsInLog = 0;
		};
		5C6D00BD01FD8FBC07F11072 /* [CP] Check Pods Manifest.lock */ = {
			isa = PBXShellScriptBuildPhase;
			buildActionMask = 2147483647;
			files = (
			);
			inputPaths = (
			);
			name = "[CP] Check Pods Manifest.lock";
			outputPaths = (
			);
			runOnlyForDeploymentPostprocessing = 0;
			shellPath = /bin/sh;
			shellScript = "diff \"${PODS_ROOT}/../Podfile.lock\" \"${PODS_ROOT}/Manifest.lock\" > /dev/null\nif [[ $? != 0 ]] ; then\n    cat << EOM\nerror: The sandbox is not in sync with the Podfile.lock. Run 'pod install' or update your CocoaPods installation.\nEOM\n    exit 1\nfi\n";
			showEnvVarsInLog = 0;
		};
		71038536529FD24C7F8FB0A0 /* [CP] Embed Pods Frameworks */ = {
			isa = PBXShellScriptBuildPhase;
			buildActionMask = 2147483647;
			files = (
			);
			inputPaths = (
			);
			name = "[CP] Embed Pods Frameworks";
			outputPaths = (
			);
			runOnlyForDeploymentPostprocessing = 0;
			shellPath = /bin/sh;
			shellScript = "\"${SRCROOT}/Pods/Target Support Files/Pods-SnapOnboarding-iOS/Pods-SnapOnboarding-iOS-frameworks.sh\"\n";
			showEnvVarsInLog = 0;
		};
		741403B2AD14B8CEA1CC8E89 /* [CP] Embed Pods Frameworks */ = {
			isa = PBXShellScriptBuildPhase;
			buildActionMask = 2147483647;
			files = (
			);
			inputPaths = (
			);
			name = "[CP] Embed Pods Frameworks";
			outputPaths = (
			);
			runOnlyForDeploymentPostprocessing = 0;
			shellPath = /bin/sh;
			shellScript = "\"${SRCROOT}/Pods/Target Support Files/Pods-Unit_tests/Pods-Unit_tests-frameworks.sh\"\n";
			showEnvVarsInLog = 0;
		};
		C5495BECF1786582F30B703E /* [CP] Copy Pods Resources */ = {
			isa = PBXShellScriptBuildPhase;
			buildActionMask = 2147483647;
			files = (
			);
			inputPaths = (
			);
			name = "[CP] Copy Pods Resources";
			outputPaths = (
			);
			runOnlyForDeploymentPostprocessing = 0;
			shellPath = /bin/sh;
			shellScript = "\"${SRCROOT}/Pods/Target Support Files/Pods-UI_tests/Pods-UI_tests-resources.sh\"\n";
			showEnvVarsInLog = 0;
		};
		C6A59BDEFA6E5687999F71E1 /* [CP] Copy Pods Resources */ = {
			isa = PBXShellScriptBuildPhase;
			buildActionMask = 2147483647;
			files = (
			);
			inputPaths = (
			);
			name = "[CP] Copy Pods Resources";
			outputPaths = (
			);
			runOnlyForDeploymentPostprocessing = 0;
			shellPath = /bin/sh;
			shellScript = "\"${SRCROOT}/Pods/Target Support Files/Pods-Snapshot_tests/Pods-Snapshot_tests-resources.sh\"\n";
			showEnvVarsInLog = 0;
		};
/* End PBXShellScriptBuildPhase section */

/* Begin PBXSourcesBuildPhase section */
		9F4CE0AB1D0EB29F00A6A1FB /* Sources */ = {
			isa = PBXSourcesBuildPhase;
			buildActionMask = 2147483647;
			files = (
				9F9C7D3B1D16CE9A006203B7 /* LocationViewController.swift in Sources */,
				9F25D07E1D1AE30B00B56D6A /* SnapOnboardingHeadlineLabel.swift in Sources */,
				9F08635E1D35355600C56883 /* HasNextButtonAndHeadlineLabel.swift in Sources */,
				9FE045311D25596800BCA50A /* UIViewController+ScreenSizes.swift in Sources */,
				9FAFCDE71D23C4AC00CE3DE8 /* TagsCollectionViewController.swift in Sources */,
				9F1E9B0B1D0EE54A00E0EC40 /* SnapOnboardingConfiguration.swift in Sources */,
				9F4CE0B51D0EB2A000A6A1FB /* ViewController.swift in Sources */,
				9F10E8351D3696190049069B /* Images.swift in Sources */,
				9F1E9B071D0EE2F900E0EC40 /* SnapOnboardingViewController.swift in Sources */,
				9F9C7D3D1D16CEA6006203B7 /* LoginViewController.swift in Sources */,
				9F9C7D391D16CE89006203B7 /* IntroViewController.swift in Sources */,
				9F93DF491D2A7BE0006D16B9 /* IntroViewControllerProtocol.swift in Sources */,
				9F59C6401D17043900CAD9F7 /* IntroViewControllerDelegate.swift in Sources */,
				9F1E9B161D104E7200E0EC40 /* SnapOnboardingDelegate.swift in Sources */,
				9F59C6431D17072C00CAD9F7 /* LocationViewControllerDelegate.swift in Sources */,
				9F0D2E0C1D214E830085BA12 /* SnapOnboardingViewControllerProtocol.swift in Sources */,
				9F93DF4B1D2A7CBD006D16B9 /* LoginViewControllerProtocol.swift in Sources */,
				9F0D2E0F1D215EB90085BA12 /* LocationViewControllerProtocol.swift in Sources */,
				9F93DF471D2A615C006D16B9 /* HasSparklingStars.swift in Sources */,
				9FADA8B61D1974DF00746E71 /* LoginViewControllerDelegate.swift in Sources */,
				9F4CE0B31D0EB2A000A6A1FB /* AppDelegate.swift in Sources */,
			);
			runOnlyForDeploymentPostprocessing = 0;
		};
		9F4CE0BF1D0EB2A000A6A1FB /* Sources */ = {
			isa = PBXSourcesBuildPhase;
			buildActionMask = 2147483647;
			files = (
				9F4CE0C81D0EB2A000A6A1FB /* SnapOnboardingDelegateTests.swift in Sources */,
				9F92207E1D359CC2006CDA84 /* Helpers.swift in Sources */,
			);
			runOnlyForDeploymentPostprocessing = 0;
		};
		9F4CE0CA1D0EB2A000A6A1FB /* Sources */ = {
			isa = PBXSourcesBuildPhase;
			buildActionMask = 2147483647;
			files = (
				9F31A1A11D2299B90029DFC7 /* SnapOnboarding_iOSUITests.swift in Sources */,
			);
			runOnlyForDeploymentPostprocessing = 0;
		};
		9FA4EE071D2B9FC4002EAEFF /* Sources */ = {
			isa = PBXSourcesBuildPhase;
			buildActionMask = 2147483647;
			files = (
				9FA4EE221D2BF555002EAEFF /* SnapOnboardingViewController+.swift in Sources */,
				9FA4EE0E1D2B9FC4002EAEFF /* IntroViewControllerSnapshots.swift in Sources */,
				9FA4EE1A1D2BDDD0002EAEFF /* LocationViewControllerSnapshots.swift in Sources */,
				9FA4EE1E1D2BE9E5002EAEFF /* Helpers.swift in Sources */,
				9FA4EE1C1D2BDEE8002EAEFF /* LoginViewControllerSnapshots.swift in Sources */,
			);
			runOnlyForDeploymentPostprocessing = 0;
		};
/* End PBXSourcesBuildPhase section */

/* Begin PBXTargetDependency section */
		9F4CE0C51D0EB2A000A6A1FB /* PBXTargetDependency */ = {
			isa = PBXTargetDependency;
			target = 9F4CE0AE1D0EB29F00A6A1FB /* SnapOnboarding-iOS */;
			targetProxy = 9F4CE0C41D0EB2A000A6A1FB /* PBXContainerItemProxy */;
		};
		9F4CE0D01D0EB2A000A6A1FB /* PBXTargetDependency */ = {
			isa = PBXTargetDependency;
			target = 9F4CE0AE1D0EB29F00A6A1FB /* SnapOnboarding-iOS */;
			targetProxy = 9F4CE0CF1D0EB2A000A6A1FB /* PBXContainerItemProxy */;
		};
		9FA4EE111D2B9FC4002EAEFF /* PBXTargetDependency */ = {
			isa = PBXTargetDependency;
			target = 9F4CE0AE1D0EB29F00A6A1FB /* SnapOnboarding-iOS */;
			targetProxy = 9FA4EE101D2B9FC4002EAEFF /* PBXContainerItemProxy */;
		};
/* End PBXTargetDependency section */

/* Begin PBXVariantGroup section */
		9F150B741D17CF4800C3D716 /* SnapOnboarding.storyboard */ = {
			isa = PBXVariantGroup;
			children = (
				9F150B731D17CF4800C3D716 /* Base */,
			);
			name = SnapOnboarding.storyboard;
			sourceTree = "<group>";
		};
		9F4CE0B61D0EB2A000A6A1FB /* Main.storyboard */ = {
			isa = PBXVariantGroup;
			children = (
				9F4CE0B71D0EB2A000A6A1FB /* Base */,
			);
			name = Main.storyboard;
			path = "SnapOnboarding-iOS";
			sourceTree = "<group>";
		};
		9F4CE0BB1D0EB2A000A6A1FB /* LaunchScreen.storyboard */ = {
			isa = PBXVariantGroup;
			children = (
				9F4CE0BC1D0EB2A000A6A1FB /* Base */,
			);
			name = LaunchScreen.storyboard;
			path = "SnapOnboarding-iOS";
			sourceTree = "<group>";
		};
/* End PBXVariantGroup section */

/* Begin XCBuildConfiguration section */
		9F4CE0D51D0EB2A000A6A1FB /* Debug */ = {
			isa = XCBuildConfiguration;
			buildSettings = {
				ALWAYS_SEARCH_USER_PATHS = NO;
				CLANG_ANALYZER_NONNULL = YES;
				CLANG_CXX_LANGUAGE_STANDARD = "gnu++0x";
				CLANG_CXX_LIBRARY = "libc++";
				CLANG_ENABLE_MODULES = YES;
				CLANG_ENABLE_OBJC_ARC = YES;
				CLANG_WARN_BOOL_CONVERSION = YES;
				CLANG_WARN_CONSTANT_CONVERSION = YES;
				CLANG_WARN_DIRECT_OBJC_ISA_USAGE = YES_ERROR;
				CLANG_WARN_EMPTY_BODY = YES;
				CLANG_WARN_ENUM_CONVERSION = YES;
				CLANG_WARN_INT_CONVERSION = YES;
				CLANG_WARN_OBJC_ROOT_CLASS = YES_ERROR;
				CLANG_WARN_UNREACHABLE_CODE = YES;
				CLANG_WARN__DUPLICATE_METHOD_MATCH = YES;
				"CODE_SIGN_IDENTITY[sdk=iphoneos*]" = "iPhone Developer";
				COPY_PHASE_STRIP = NO;
				DEBUG_INFORMATION_FORMAT = dwarf;
				ENABLE_STRICT_OBJC_MSGSEND = YES;
				ENABLE_TESTABILITY = YES;
				GCC_C_LANGUAGE_STANDARD = gnu99;
				GCC_DYNAMIC_NO_PIC = NO;
				GCC_NO_COMMON_BLOCKS = YES;
				GCC_OPTIMIZATION_LEVEL = 0;
				GCC_PREPROCESSOR_DEFINITIONS = (
					"DEBUG=1",
					"$(inherited)",
				);
				GCC_WARN_64_TO_32_BIT_CONVERSION = YES;
				GCC_WARN_ABOUT_RETURN_TYPE = YES_ERROR;
				GCC_WARN_UNDECLARED_SELECTOR = YES;
				GCC_WARN_UNINITIALIZED_AUTOS = YES_AGGRESSIVE;
				GCC_WARN_UNUSED_FUNCTION = YES;
				GCC_WARN_UNUSED_VARIABLE = YES;
				IPHONEOS_DEPLOYMENT_TARGET = 8.0;
				MTL_ENABLE_DEBUG_INFO = YES;
				ONLY_ACTIVE_ARCH = YES;
				SDKROOT = iphoneos;
				SWIFT_OPTIMIZATION_LEVEL = "-Onone";
				TARGETED_DEVICE_FAMILY = "1,2";
			};
			name = Debug;
		};
		9F4CE0D61D0EB2A000A6A1FB /* Release */ = {
			isa = XCBuildConfiguration;
			buildSettings = {
				ALWAYS_SEARCH_USER_PATHS = NO;
				CLANG_ANALYZER_NONNULL = YES;
				CLANG_CXX_LANGUAGE_STANDARD = "gnu++0x";
				CLANG_CXX_LIBRARY = "libc++";
				CLANG_ENABLE_MODULES = YES;
				CLANG_ENABLE_OBJC_ARC = YES;
				CLANG_WARN_BOOL_CONVERSION = YES;
				CLANG_WARN_CONSTANT_CONVERSION = YES;
				CLANG_WARN_DIRECT_OBJC_ISA_USAGE = YES_ERROR;
				CLANG_WARN_EMPTY_BODY = YES;
				CLANG_WARN_ENUM_CONVERSION = YES;
				CLANG_WARN_INT_CONVERSION = YES;
				CLANG_WARN_OBJC_ROOT_CLASS = YES_ERROR;
				CLANG_WARN_UNREACHABLE_CODE = YES;
				CLANG_WARN__DUPLICATE_METHOD_MATCH = YES;
				"CODE_SIGN_IDENTITY[sdk=iphoneos*]" = "iPhone Developer";
				COPY_PHASE_STRIP = NO;
				DEBUG_INFORMATION_FORMAT = "dwarf-with-dsym";
				ENABLE_NS_ASSERTIONS = NO;
				ENABLE_STRICT_OBJC_MSGSEND = YES;
				GCC_C_LANGUAGE_STANDARD = gnu99;
				GCC_NO_COMMON_BLOCKS = YES;
				GCC_WARN_64_TO_32_BIT_CONVERSION = YES;
				GCC_WARN_ABOUT_RETURN_TYPE = YES_ERROR;
				GCC_WARN_UNDECLARED_SELECTOR = YES;
				GCC_WARN_UNINITIALIZED_AUTOS = YES_AGGRESSIVE;
				GCC_WARN_UNUSED_FUNCTION = YES;
				GCC_WARN_UNUSED_VARIABLE = YES;
				IPHONEOS_DEPLOYMENT_TARGET = 8.0;
				MTL_ENABLE_DEBUG_INFO = NO;
				SDKROOT = iphoneos;
				TARGETED_DEVICE_FAMILY = "1,2";
				VALIDATE_PRODUCT = YES;
			};
			name = Release;
		};
		9F4CE0D81D0EB2A000A6A1FB /* Debug */ = {
			isa = XCBuildConfiguration;
			baseConfigurationReference = 61FA61E55698DC3EA237BB46 /* Pods-SnapOnboarding-iOS.debug.xcconfig */;
			buildSettings = {
				ASSETCATALOG_COMPILER_APPICON_NAME = AppIcon;
				CODE_SIGN_IDENTITY = "iPhone Developer";
				"CODE_SIGN_IDENTITY[sdk=iphoneos*]" = "iPhone Developer";
				INFOPLIST_FILE = "SnapOnboarding-iOS/Info.plist";
				IPHONEOS_DEPLOYMENT_TARGET = 8.0;
				LD_RUNPATH_SEARCH_PATHS = "$(inherited) @executable_path/Frameworks";
				PRODUCT_BUNDLE_IDENTIFIER = "com.gautesolheim.SnapOnboarding-iOS";
				PRODUCT_NAME = "$(TARGET_NAME)";
				PROVISIONING_PROFILE = "";
			};
			name = Debug;
		};
		9F4CE0D91D0EB2A000A6A1FB /* Release */ = {
			isa = XCBuildConfiguration;
			baseConfigurationReference = 83E0D5046DFCB39BD51FA799 /* Pods-SnapOnboarding-iOS.release.xcconfig */;
			buildSettings = {
				ASSETCATALOG_COMPILER_APPICON_NAME = AppIcon;
				CODE_SIGN_IDENTITY = "iPhone Developer";
				"CODE_SIGN_IDENTITY[sdk=iphoneos*]" = "iPhone Developer";
				INFOPLIST_FILE = "SnapOnboarding-iOS/Info.plist";
				IPHONEOS_DEPLOYMENT_TARGET = 8.0;
				LD_RUNPATH_SEARCH_PATHS = "$(inherited) @executable_path/Frameworks";
				PRODUCT_BUNDLE_IDENTIFIER = "com.gautesolheim.SnapOnboarding-iOS";
				PRODUCT_NAME = "$(TARGET_NAME)";
				PROVISIONING_PROFILE = "";
			};
			name = Release;
		};
		9F4CE0DB1D0EB2A000A6A1FB /* Debug */ = {
			isa = XCBuildConfiguration;
			baseConfigurationReference = E3EE7B5BF699CD4FA4123D14 /* Pods-Unit_tests.debug.xcconfig */;
			buildSettings = {
				BUNDLE_LOADER = "$(TEST_HOST)";
				INFOPLIST_FILE = "SnapOnboarding-iOSTests/Info.plist";
				LD_RUNPATH_SEARCH_PATHS = "$(inherited) @executable_path/Frameworks @loader_path/Frameworks";
				PRODUCT_BUNDLE_IDENTIFIER = "com.gautesolheim.SnapOnboarding-iOSTests";
				PRODUCT_NAME = "$(TARGET_NAME)";
				TEST_HOST = "$(BUILT_PRODUCTS_DIR)/SnapOnboarding-iOS.app/SnapOnboarding-iOS";
			};
			name = Debug;
		};
		9F4CE0DC1D0EB2A000A6A1FB /* Release */ = {
			isa = XCBuildConfiguration;
			baseConfigurationReference = 7FCA76CA7F6C45E23D378798 /* Pods-Unit_tests.release.xcconfig */;
			buildSettings = {
				BUNDLE_LOADER = "$(TEST_HOST)";
				INFOPLIST_FILE = "SnapOnboarding-iOSTests/Info.plist";
				LD_RUNPATH_SEARCH_PATHS = "$(inherited) @executable_path/Frameworks @loader_path/Frameworks";
				PRODUCT_BUNDLE_IDENTIFIER = "com.gautesolheim.SnapOnboarding-iOSTests";
				PRODUCT_NAME = "$(TARGET_NAME)";
				TEST_HOST = "$(BUILT_PRODUCTS_DIR)/SnapOnboarding-iOS.app/SnapOnboarding-iOS";
			};
			name = Release;
		};
		9F4CE0DE1D0EB2A000A6A1FB /* Debug */ = {
			isa = XCBuildConfiguration;
			baseConfigurationReference = 1EC396F9B6B9A8CD643D85C2 /* Pods-UI_tests.debug.xcconfig */;
			buildSettings = {
				INFOPLIST_FILE = "SnapOnboarding-iOSUITests/Info.plist";
				LD_RUNPATH_SEARCH_PATHS = "$(inherited) @executable_path/Frameworks @loader_path/Frameworks";
				PRODUCT_BUNDLE_IDENTIFIER = "com.gautesolheim.SnapOnboarding-iOSUITests";
				PRODUCT_NAME = "$(TARGET_NAME)";
				TEST_TARGET_NAME = "SnapOnboarding-iOS";
			};
			name = Debug;
		};
		9F4CE0DF1D0EB2A000A6A1FB /* Release */ = {
			isa = XCBuildConfiguration;
			baseConfigurationReference = 71ECF7E836A5A74BF1CD8FBC /* Pods-UI_tests.release.xcconfig */;
			buildSettings = {
				INFOPLIST_FILE = "SnapOnboarding-iOSUITests/Info.plist";
				LD_RUNPATH_SEARCH_PATHS = "$(inherited) @executable_path/Frameworks @loader_path/Frameworks";
				PRODUCT_BUNDLE_IDENTIFIER = "com.gautesolheim.SnapOnboarding-iOSUITests";
				PRODUCT_NAME = "$(TARGET_NAME)";
				TEST_TARGET_NAME = "SnapOnboarding-iOS";
			};
			name = Release;
		};
		9FA4EE121D2B9FC4002EAEFF /* Debug */ = {
			isa = XCBuildConfiguration;
			baseConfigurationReference = 5573800E118BCDDF5A032055 /* Pods-Snapshot_tests.debug.xcconfig */;
			buildSettings = {
				BUNDLE_LOADER = "$(TEST_HOST)";
				INFOPLIST_FILE = "SnapOnboarding-iOSSnapshotTests/Info.plist";
				IPHONEOS_DEPLOYMENT_TARGET = 9.3;
				LD_RUNPATH_SEARCH_PATHS = "$(inherited) @executable_path/Frameworks @loader_path/Frameworks";
				PRODUCT_BUNDLE_IDENTIFIER = "com.gautesolheim.SnapOnboarding-iOSSnapshotTests";
				PRODUCT_NAME = "$(TARGET_NAME)";
				TEST_HOST = "$(BUILT_PRODUCTS_DIR)/SnapOnboarding-iOS.app/SnapOnboarding-iOS";
			};
			name = Debug;
		};
		9FA4EE131D2B9FC4002EAEFF /* Release */ = {
			isa = XCBuildConfiguration;
			baseConfigurationReference = DDE74454A009859318ED6D47 /* Pods-Snapshot_tests.release.xcconfig */;
			buildSettings = {
				BUNDLE_LOADER = "$(TEST_HOST)";
				INFOPLIST_FILE = "SnapOnboarding-iOSSnapshotTests/Info.plist";
				IPHONEOS_DEPLOYMENT_TARGET = 9.3;
				LD_RUNPATH_SEARCH_PATHS = "$(inherited) @executable_path/Frameworks @loader_path/Frameworks";
				PRODUCT_BUNDLE_IDENTIFIER = "com.gautesolheim.SnapOnboarding-iOSSnapshotTests";
				PRODUCT_NAME = "$(TARGET_NAME)";
				TEST_HOST = "$(BUILT_PRODUCTS_DIR)/SnapOnboarding-iOS.app/SnapOnboarding-iOS";
			};
			name = Release;
		};
/* End XCBuildConfiguration section */

/* Begin XCConfigurationList section */
		9F4CE0AA1D0EB29F00A6A1FB /* Build configuration list for PBXProject "SnapOnboarding-iOS" */ = {
			isa = XCConfigurationList;
			buildConfigurations = (
				9F4CE0D51D0EB2A000A6A1FB /* Debug */,
				9F4CE0D61D0EB2A000A6A1FB /* Release */,
			);
			defaultConfigurationIsVisible = 0;
			defaultConfigurationName = Release;
		};
		9F4CE0D71D0EB2A000A6A1FB /* Build configuration list for PBXNativeTarget "SnapOnboarding-iOS" */ = {
			isa = XCConfigurationList;
			buildConfigurations = (
				9F4CE0D81D0EB2A000A6A1FB /* Debug */,
				9F4CE0D91D0EB2A000A6A1FB /* Release */,
			);
			defaultConfigurationIsVisible = 0;
			defaultConfigurationName = Release;
		};
		9F4CE0DA1D0EB2A000A6A1FB /* Build configuration list for PBXNativeTarget "Unit_tests" */ = {
			isa = XCConfigurationList;
			buildConfigurations = (
				9F4CE0DB1D0EB2A000A6A1FB /* Debug */,
				9F4CE0DC1D0EB2A000A6A1FB /* Release */,
			);
			defaultConfigurationIsVisible = 0;
			defaultConfigurationName = Release;
		};
		9F4CE0DD1D0EB2A000A6A1FB /* Build configuration list for PBXNativeTarget "UI_tests" */ = {
			isa = XCConfigurationList;
			buildConfigurations = (
				9F4CE0DE1D0EB2A000A6A1FB /* Debug */,
				9F4CE0DF1D0EB2A000A6A1FB /* Release */,
			);
			defaultConfigurationIsVisible = 0;
			defaultConfigurationName = Release;
		};
		9FA4EE141D2B9FC4002EAEFF /* Build configuration list for PBXNativeTarget "Snapshot_tests" */ = {
			isa = XCConfigurationList;
			buildConfigurations = (
				9FA4EE121D2B9FC4002EAEFF /* Debug */,
				9FA4EE131D2B9FC4002EAEFF /* Release */,
			);
			defaultConfigurationIsVisible = 0;
			defaultConfigurationName = Release;
		};
/* End XCConfigurationList section */
	};
	rootObject = 9F4CE0A71D0EB29F00A6A1FB /* Project object */;
}
