// !$*UTF8*$!
{
	archiveVersion = 1;
	classes = {
	};
	objectVersion = 46;
	objects = {

/* Begin PBXBuildFile section */
		2F92F97CE6EF2D1642567673 /* Pods_SnapOnboarding_iOSTests.framework in Frameworks */ = {isa = PBXBuildFile; fileRef = 2B6EDB55121C9D11510752EE /* Pods_SnapOnboarding_iOSTests.framework */; };
		4F748D93E19F3A967840C8BA /* Pods_SnapOnboarding_iOSUITests.framework in Frameworks */ = {isa = PBXBuildFile; fileRef = 4D15C0E862D794A7AA1142D8 /* Pods_SnapOnboarding_iOSUITests.framework */; };
		9F0D2E0A1D21261D0085BA12 /* EnableLocationServicesButton.swift in Sources */ = {isa = PBXBuildFile; fileRef = 9F0D2E091D21261D0085BA12 /* EnableLocationServicesButton.swift */; };
		9F0D2E0C1D214E830085BA12 /* SnapOnboardingViewControllerProtocol.swift in Sources */ = {isa = PBXBuildFile; fileRef = 9F0D2E0B1D214E830085BA12 /* SnapOnboardingViewControllerProtocol.swift */; };
		9F0D2E0F1D215EB90085BA12 /* LocationViewControllerProtocol.swift in Sources */ = {isa = PBXBuildFile; fileRef = 9F0D2E0E1D215EB90085BA12 /* LocationViewControllerProtocol.swift */; };
		9F150B721D17CF4800C3D716 /* SnapOnboarding.storyboard in Resources */ = {isa = PBXBuildFile; fileRef = 9F150B741D17CF4800C3D716 /* SnapOnboarding.storyboard */; };
		9F1E9B071D0EE2F900E0EC40 /* SnapOnboardingViewController.swift in Sources */ = {isa = PBXBuildFile; fileRef = 9F1E9B061D0EE2F900E0EC40 /* SnapOnboardingViewController.swift */; };
		9F1E9B0B1D0EE54A00E0EC40 /* SnapOnboardingConfiguration.swift in Sources */ = {isa = PBXBuildFile; fileRef = 9F1E9B0A1D0EE54A00E0EC40 /* SnapOnboardingConfiguration.swift */; };
		9F1E9B161D104E7200E0EC40 /* SnapOnboardingDelegate.swift in Sources */ = {isa = PBXBuildFile; fileRef = 9F1E9B151D104E7200E0EC40 /* SnapOnboardingDelegate.swift */; };
		9F25D07E1D1AE30B00B56D6A /* SnapOnboardingHeadlineLabel.swift in Sources */ = {isa = PBXBuildFile; fileRef = 9F25D07D1D1AE30B00B56D6A /* SnapOnboardingHeadlineLabel.swift */; };
		9F4CE0B31D0EB2A000A6A1FB /* AppDelegate.swift in Sources */ = {isa = PBXBuildFile; fileRef = 9F4CE0B21D0EB2A000A6A1FB /* AppDelegate.swift */; };
		9F4CE0B51D0EB2A000A6A1FB /* ViewController.swift in Sources */ = {isa = PBXBuildFile; fileRef = 9F4CE0B41D0EB2A000A6A1FB /* ViewController.swift */; };
		9F4CE0B81D0EB2A000A6A1FB /* Main.storyboard in Resources */ = {isa = PBXBuildFile; fileRef = 9F4CE0B61D0EB2A000A6A1FB /* Main.storyboard */; };
		9F4CE0BA1D0EB2A000A6A1FB /* Assets.xcassets in Resources */ = {isa = PBXBuildFile; fileRef = 9F4CE0B91D0EB2A000A6A1FB /* Assets.xcassets */; };
		9F4CE0BD1D0EB2A000A6A1FB /* LaunchScreen.storyboard in Resources */ = {isa = PBXBuildFile; fileRef = 9F4CE0BB1D0EB2A000A6A1FB /* LaunchScreen.storyboard */; };
		9F4CE0C81D0EB2A000A6A1FB /* SnapOnboarding_iOSTests.swift in Sources */ = {isa = PBXBuildFile; fileRef = 9F4CE0C71D0EB2A000A6A1FB /* SnapOnboarding_iOSTests.swift */; };
		9F4CE0D31D0EB2A000A6A1FB /* SnapOnboarding_iOSUITests.swift in Sources */ = {isa = PBXBuildFile; fileRef = 9F4CE0D21D0EB2A000A6A1FB /* SnapOnboarding_iOSUITests.swift */; };
		9F59C6401D17043900CAD9F7 /* IntroViewControllerDelegate.swift in Sources */ = {isa = PBXBuildFile; fileRef = 9F59C63F1D17043900CAD9F7 /* IntroViewControllerDelegate.swift */; };
		9F59C6431D17072C00CAD9F7 /* LocationViewControllerDelegate.swift in Sources */ = {isa = PBXBuildFile; fileRef = 9F59C6421D17072C00CAD9F7 /* LocationViewControllerDelegate.swift */; };
		9F9C7D391D16CE89006203B7 /* IntroViewController.swift in Sources */ = {isa = PBXBuildFile; fileRef = 9F9C7D381D16CE89006203B7 /* IntroViewController.swift */; };
		9F9C7D3B1D16CE9A006203B7 /* LocationViewController.swift in Sources */ = {isa = PBXBuildFile; fileRef = 9F9C7D3A1D16CE9A006203B7 /* LocationViewController.swift */; };
		9F9C7D3D1D16CEA6006203B7 /* LoginViewController.swift in Sources */ = {isa = PBXBuildFile; fileRef = 9F9C7D3C1D16CEA6006203B7 /* LoginViewController.swift */; };
		9FADA8B61D1974DF00746E71 /* LoginViewControllerDelegate.swift in Sources */ = {isa = PBXBuildFile; fileRef = 9FADA8B51D1974DF00746E71 /* LoginViewControllerDelegate.swift */; };
		BA21D5C4938B290234DFD18A /* Pods_SnapOnboarding_iOS.framework in Frameworks */ = {isa = PBXBuildFile; fileRef = A76A7E5A385D5EAABCF2AFEA /* Pods_SnapOnboarding_iOS.framework */; };
/* End PBXBuildFile section */

/* Begin PBXContainerItemProxy section */
		9F4CE0C41D0EB2A000A6A1FB /* PBXContainerItemProxy */ = {
			isa = PBXContainerItemProxy;
			containerPortal = 9F4CE0A71D0EB29F00A6A1FB /* Project object */;
			proxyType = 1;
			remoteGlobalIDString = 9F4CE0AE1D0EB29F00A6A1FB;
			remoteInfo = "SnapOnboarding-iOS";
		};
		9F4CE0CF1D0EB2A000A6A1FB /* PBXContainerItemProxy */ = {
			isa = PBXContainerItemProxy;
			containerPortal = 9F4CE0A71D0EB29F00A6A1FB /* Project object */;
			proxyType = 1;
			remoteGlobalIDString = 9F4CE0AE1D0EB29F00A6A1FB;
			remoteInfo = "SnapOnboarding-iOS";
		};
/* End PBXContainerItemProxy section */

/* Begin PBXFileReference section */
		058FF73DE5D90C7A5E7E65FB /* Pods-SnapOnboarding-iOSUITests.debug.xcconfig */ = {isa = PBXFileReference; includeInIndex = 1; lastKnownFileType = text.xcconfig; name = "Pods-SnapOnboarding-iOSUITests.debug.xcconfig"; path = "Pods/Target Support Files/Pods-SnapOnboarding-iOSUITests/Pods-SnapOnboarding-iOSUITests.debug.xcconfig"; sourceTree = "<group>"; };
		0D506531B2C045BC775ECF99 /* Pods-SnapOnboarding-iOSUITests.release.xcconfig */ = {isa = PBXFileReference; includeInIndex = 1; lastKnownFileType = text.xcconfig; name = "Pods-SnapOnboarding-iOSUITests.release.xcconfig"; path = "Pods/Target Support Files/Pods-SnapOnboarding-iOSUITests/Pods-SnapOnboarding-iOSUITests.release.xcconfig"; sourceTree = "<group>"; };
		2B6EDB55121C9D11510752EE /* Pods_SnapOnboarding_iOSTests.framework */ = {isa = PBXFileReference; explicitFileType = wrapper.framework; includeInIndex = 0; path = Pods_SnapOnboarding_iOSTests.framework; sourceTree = BUILT_PRODUCTS_DIR; };
		4D15C0E862D794A7AA1142D8 /* Pods_SnapOnboarding_iOSUITests.framework */ = {isa = PBXFileReference; explicitFileType = wrapper.framework; includeInIndex = 0; path = Pods_SnapOnboarding_iOSUITests.framework; sourceTree = BUILT_PRODUCTS_DIR; };
		536EFA56B0C768995691AFF3 /* Pods-SnapOnboarding-iOSTests.debug.xcconfig */ = {isa = PBXFileReference; includeInIndex = 1; lastKnownFileType = text.xcconfig; name = "Pods-SnapOnboarding-iOSTests.debug.xcconfig"; path = "Pods/Target Support Files/Pods-SnapOnboarding-iOSTests/Pods-SnapOnboarding-iOSTests.debug.xcconfig"; sourceTree = "<group>"; };
		61FA61E55698DC3EA237BB46 /* Pods-SnapOnboarding-iOS.debug.xcconfig */ = {isa = PBXFileReference; includeInIndex = 1; lastKnownFileType = text.xcconfig; name = "Pods-SnapOnboarding-iOS.debug.xcconfig"; path = "Pods/Target Support Files/Pods-SnapOnboarding-iOS/Pods-SnapOnboarding-iOS.debug.xcconfig"; sourceTree = "<group>"; };
		83E0D5046DFCB39BD51FA799 /* Pods-SnapOnboarding-iOS.release.xcconfig */ = {isa = PBXFileReference; includeInIndex = 1; lastKnownFileType = text.xcconfig; name = "Pods-SnapOnboarding-iOS.release.xcconfig"; path = "Pods/Target Support Files/Pods-SnapOnboarding-iOS/Pods-SnapOnboarding-iOS.release.xcconfig"; sourceTree = "<group>"; };
		9F0D2E091D21261D0085BA12 /* EnableLocationServicesButton.swift */ = {isa = PBXFileReference; fileEncoding = 4; lastKnownFileType = sourcecode.swift; path = EnableLocationServicesButton.swift; sourceTree = "<group>"; };
		9F0D2E0B1D214E830085BA12 /* SnapOnboardingViewControllerProtocol.swift */ = {isa = PBXFileReference; fileEncoding = 4; lastKnownFileType = sourcecode.swift; path = SnapOnboardingViewControllerProtocol.swift; sourceTree = "<group>"; };
		9F0D2E0E1D215EB90085BA12 /* LocationViewControllerProtocol.swift */ = {isa = PBXFileReference; fileEncoding = 4; lastKnownFileType = sourcecode.swift; path = LocationViewControllerProtocol.swift; sourceTree = "<group>"; };
		9F150B731D17CF4800C3D716 /* Base */ = {isa = PBXFileReference; lastKnownFileType = file.storyboard; name = Base; path = Base.lproj/SnapOnboarding.storyboard; sourceTree = "<group>"; };
		9F1E9B061D0EE2F900E0EC40 /* SnapOnboardingViewController.swift */ = {isa = PBXFileReference; fileEncoding = 4; lastKnownFileType = sourcecode.swift; path = SnapOnboardingViewController.swift; sourceTree = "<group>"; };
		9F1E9B0A1D0EE54A00E0EC40 /* SnapOnboardingConfiguration.swift */ = {isa = PBXFileReference; fileEncoding = 4; lastKnownFileType = sourcecode.swift; path = SnapOnboardingConfiguration.swift; sourceTree = "<group>"; };
		9F1E9B151D104E7200E0EC40 /* SnapOnboardingDelegate.swift */ = {isa = PBXFileReference; fileEncoding = 4; lastKnownFileType = sourcecode.swift; path = SnapOnboardingDelegate.swift; sourceTree = "<group>"; };
		9F25D07D1D1AE30B00B56D6A /* SnapOnboardingHeadlineLabel.swift */ = {isa = PBXFileReference; fileEncoding = 4; lastKnownFileType = sourcecode.swift; path = SnapOnboardingHeadlineLabel.swift; sourceTree = "<group>"; };
		9F4CE0AF1D0EB29F00A6A1FB /* SnapOnboarding-iOS.app */ = {isa = PBXFileReference; explicitFileType = wrapper.application; includeInIndex = 0; path = "SnapOnboarding-iOS.app"; sourceTree = BUILT_PRODUCTS_DIR; };
		9F4CE0B21D0EB2A000A6A1FB /* AppDelegate.swift */ = {isa = PBXFileReference; lastKnownFileType = sourcecode.swift; name = AppDelegate.swift; path = "SnapOnboarding-iOS/AppDelegate.swift"; sourceTree = "<group>"; };
		9F4CE0B41D0EB2A000A6A1FB /* ViewController.swift */ = {isa = PBXFileReference; lastKnownFileType = sourcecode.swift; name = ViewController.swift; path = "SnapOnboarding-iOS/ViewController.swift"; sourceTree = "<group>"; };
		9F4CE0B71D0EB2A000A6A1FB /* Base */ = {isa = PBXFileReference; lastKnownFileType = file.storyboard; name = Base; path = Base.lproj/Main.storyboard; sourceTree = "<group>"; };
		9F4CE0B91D0EB2A000A6A1FB /* Assets.xcassets */ = {isa = PBXFileReference; lastKnownFileType = folder.assetcatalog; name = Assets.xcassets; path = "SnapOnboarding-iOS/Assets.xcassets"; sourceTree = "<group>"; };
		9F4CE0BC1D0EB2A000A6A1FB /* Base */ = {isa = PBXFileReference; lastKnownFileType = file.storyboard; name = Base; path = Base.lproj/LaunchScreen.storyboard; sourceTree = "<group>"; };
		9F4CE0BE1D0EB2A000A6A1FB /* Info.plist */ = {isa = PBXFileReference; lastKnownFileType = text.plist.xml; name = Info.plist; path = "SnapOnboarding-iOS/Info.plist"; sourceTree = "<group>"; };
		9F4CE0C31D0EB2A000A6A1FB /* SnapOnboarding-iOSTests.xctest */ = {isa = PBXFileReference; explicitFileType = wrapper.cfbundle; includeInIndex = 0; path = "SnapOnboarding-iOSTests.xctest"; sourceTree = BUILT_PRODUCTS_DIR; };
		9F4CE0C71D0EB2A000A6A1FB /* SnapOnboarding_iOSTests.swift */ = {isa = PBXFileReference; lastKnownFileType = sourcecode.swift; path = SnapOnboarding_iOSTests.swift; sourceTree = "<group>"; };
		9F4CE0C91D0EB2A000A6A1FB /* Info.plist */ = {isa = PBXFileReference; lastKnownFileType = text.plist.xml; path = Info.plist; sourceTree = "<group>"; };
		9F4CE0CE1D0EB2A000A6A1FB /* SnapOnboarding-iOSUITests.xctest */ = {isa = PBXFileReference; explicitFileType = wrapper.cfbundle; includeInIndex = 0; path = "SnapOnboarding-iOSUITests.xctest"; sourceTree = BUILT_PRODUCTS_DIR; };
		9F4CE0D21D0EB2A000A6A1FB /* SnapOnboarding_iOSUITests.swift */ = {isa = PBXFileReference; lastKnownFileType = sourcecode.swift; path = SnapOnboarding_iOSUITests.swift; sourceTree = "<group>"; };
		9F4CE0D41D0EB2A000A6A1FB /* Info.plist */ = {isa = PBXFileReference; lastKnownFileType = text.plist.xml; path = Info.plist; sourceTree = "<group>"; };
		9F59C63F1D17043900CAD9F7 /* IntroViewControllerDelegate.swift */ = {isa = PBXFileReference; fileEncoding = 4; lastKnownFileType = sourcecode.swift; path = IntroViewControllerDelegate.swift; sourceTree = "<group>"; };
		9F59C6421D17072C00CAD9F7 /* LocationViewControllerDelegate.swift */ = {isa = PBXFileReference; fileEncoding = 4; lastKnownFileType = sourcecode.swift; path = LocationViewControllerDelegate.swift; sourceTree = "<group>"; };
		9F9C7D381D16CE89006203B7 /* IntroViewController.swift */ = {isa = PBXFileReference; fileEncoding = 4; lastKnownFileType = sourcecode.swift; path = IntroViewController.swift; sourceTree = "<group>"; };
		9F9C7D3A1D16CE9A006203B7 /* LocationViewController.swift */ = {isa = PBXFileReference; fileEncoding = 4; lastKnownFileType = sourcecode.swift; path = LocationViewController.swift; sourceTree = "<group>"; };
		9F9C7D3C1D16CEA6006203B7 /* LoginViewController.swift */ = {isa = PBXFileReference; fileEncoding = 4; lastKnownFileType = sourcecode.swift; path = LoginViewController.swift; sourceTree = "<group>"; };
		9FADA8B51D1974DF00746E71 /* LoginViewControllerDelegate.swift */ = {isa = PBXFileReference; fileEncoding = 4; lastKnownFileType = sourcecode.swift; path = LoginViewControllerDelegate.swift; sourceTree = "<group>"; };
		A76A7E5A385D5EAABCF2AFEA /* Pods_SnapOnboarding_iOS.framework */ = {isa = PBXFileReference; explicitFileType = wrapper.framework; includeInIndex = 0; path = Pods_SnapOnboarding_iOS.framework; sourceTree = BUILT_PRODUCTS_DIR; };
		E7FD148DE0B50B30630A0909 /* Pods-SnapOnboarding-iOSTests.release.xcconfig */ = {isa = PBXFileReference; includeInIndex = 1; lastKnownFileType = text.xcconfig; name = "Pods-SnapOnboarding-iOSTests.release.xcconfig"; path = "Pods/Target Support Files/Pods-SnapOnboarding-iOSTests/Pods-SnapOnboarding-iOSTests.release.xcconfig"; sourceTree = "<group>"; };
/* End PBXFileReference section */

/* Begin PBXFrameworksBuildPhase section */
		9F4CE0AC1D0EB29F00A6A1FB /* Frameworks */ = {
			isa = PBXFrameworksBuildPhase;
			buildActionMask = 2147483647;
			files = (
				BA21D5C4938B290234DFD18A /* Pods_SnapOnboarding_iOS.framework in Frameworks */,
			);
			runOnlyForDeploymentPostprocessing = 0;
		};
		9F4CE0C01D0EB2A000A6A1FB /* Frameworks */ = {
			isa = PBXFrameworksBuildPhase;
			buildActionMask = 2147483647;
			files = (
				2F92F97CE6EF2D1642567673 /* Pods_SnapOnboarding_iOSTests.framework in Frameworks */,
			);
			runOnlyForDeploymentPostprocessing = 0;
		};
		9F4CE0CB1D0EB2A000A6A1FB /* Frameworks */ = {
			isa = PBXFrameworksBuildPhase;
			buildActionMask = 2147483647;
			files = (
				4F748D93E19F3A967840C8BA /* Pods_SnapOnboarding_iOSUITests.framework in Frameworks */,
			);
			runOnlyForDeploymentPostprocessing = 0;
		};
/* End PBXFrameworksBuildPhase section */

/* Begin PBXGroup section */
		01C7450FE35E7D7651EBF792 /* Pods */ = {
			isa = PBXGroup;
			children = (
				61FA61E55698DC3EA237BB46 /* Pods-SnapOnboarding-iOS.debug.xcconfig */,
				83E0D5046DFCB39BD51FA799 /* Pods-SnapOnboarding-iOS.release.xcconfig */,
				536EFA56B0C768995691AFF3 /* Pods-SnapOnboarding-iOSTests.debug.xcconfig */,
				E7FD148DE0B50B30630A0909 /* Pods-SnapOnboarding-iOSTests.release.xcconfig */,
				058FF73DE5D90C7A5E7E65FB /* Pods-SnapOnboarding-iOSUITests.debug.xcconfig */,
				0D506531B2C045BC775ECF99 /* Pods-SnapOnboarding-iOSUITests.release.xcconfig */,
			);
			name = Pods;
			sourceTree = "<group>";
		};
		9F0D2E081D2126010085BA12 /* Views */ = {
			isa = PBXGroup;
			children = (
				9F0D2E091D21261D0085BA12 /* EnableLocationServicesButton.swift */,
			);
			name = Views;
			sourceTree = "<group>";
		};
		9F1E9B051D0EDDEB00E0EC40 /* Example */ = {
			isa = PBXGroup;
			children = (
				9F4CE0B21D0EB2A000A6A1FB /* AppDelegate.swift */,
				9F4CE0B41D0EB2A000A6A1FB /* ViewController.swift */,
				9F4CE0B61D0EB2A000A6A1FB /* Main.storyboard */,
				9F4CE0B91D0EB2A000A6A1FB /* Assets.xcassets */,
				9F4CE0BB1D0EB2A000A6A1FB /* LaunchScreen.storyboard */,
				9F4CE0BE1D0EB2A000A6A1FB /* Info.plist */,
			);
			name = Example;
			sourceTree = "<group>";
		};
		9F25D07C1D1AE2D300B56D6A /* Views */ = {
			isa = PBXGroup;
			children = (
				9F25D07D1D1AE30B00B56D6A /* SnapOnboardingHeadlineLabel.swift */,
			);
			name = Views;
			sourceTree = "<group>";
		};
		9F38E0B71D12C49300164E38 /* Intro View Controller */ = {
			isa = PBXGroup;
			children = (
				9F9C7D381D16CE89006203B7 /* IntroViewController.swift */,
				9F59C63F1D17043900CAD9F7 /* IntroViewControllerDelegate.swift */,
			);
			name = "Intro View Controller";
			sourceTree = "<group>";
		};
		9F38E0B81D12C4B700164E38 /* Location View Controller */ = {
			isa = PBXGroup;
			children = (
				9F0D2E081D2126010085BA12 /* Views */,
				9F59C6421D17072C00CAD9F7 /* LocationViewControllerDelegate.swift */,
				9F9C7D3A1D16CE9A006203B7 /* LocationViewController.swift */,
				9F0D2E0E1D215EB90085BA12 /* LocationViewControllerProtocol.swift */,
			);
			name = "Location View Controller";
			sourceTree = "<group>";
		};
		9F38E0B91D12C4C200164E38 /* Login View Controller */ = {
			isa = PBXGroup;
			children = (
				9F9C7D3C1D16CEA6006203B7 /* LoginViewController.swift */,
				9FADA8B51D1974DF00746E71 /* LoginViewControllerDelegate.swift */,
			);
			name = "Login View Controller";
			sourceTree = "<group>";
		};
		9F4CE0A61D0EB29F00A6A1FB = {
			isa = PBXGroup;
			children = (
				9F4CE0B11D0EB2A000A6A1FB /* SnapOnboarding-iOS */,
				9F1E9B051D0EDDEB00E0EC40 /* Example */,
				9F4CE0C61D0EB2A000A6A1FB /* SnapOnboarding-iOSTests */,
				9F4CE0D11D0EB2A000A6A1FB /* SnapOnboarding-iOSUITests */,
				9F4CE0B01D0EB29F00A6A1FB /* Products */,
				01C7450FE35E7D7651EBF792 /* Pods */,
				DA9F3647897C00CAF312E1F6 /* Frameworks */,
			);
			sourceTree = "<group>";
		};
		9F4CE0B01D0EB29F00A6A1FB /* Products */ = {
			isa = PBXGroup;
			children = (
				9F4CE0AF1D0EB29F00A6A1FB /* SnapOnboarding-iOS.app */,
				9F4CE0C31D0EB2A000A6A1FB /* SnapOnboarding-iOSTests.xctest */,
				9F4CE0CE1D0EB2A000A6A1FB /* SnapOnboarding-iOSUITests.xctest */,
			);
			name = Products;
			sourceTree = "<group>";
		};
		9F4CE0B11D0EB2A000A6A1FB /* SnapOnboarding-iOS */ = {
			isa = PBXGroup;
			children = (
				9F25D07C1D1AE2D300B56D6A /* Views */,
				9F1E9B151D104E7200E0EC40 /* SnapOnboardingDelegate.swift */,
				9F1E9B0A1D0EE54A00E0EC40 /* SnapOnboardingConfiguration.swift */,
				9F0D2E0B1D214E830085BA12 /* SnapOnboardingViewControllerProtocol.swift */,
				9F1E9B061D0EE2F900E0EC40 /* SnapOnboardingViewController.swift */,
				9F38E0B71D12C49300164E38 /* Intro View Controller */,
				9F38E0B81D12C4B700164E38 /* Location View Controller */,
				9F38E0B91D12C4C200164E38 /* Login View Controller */,
				9F150B741D17CF4800C3D716 /* SnapOnboarding.storyboard */,
			);
			path = "SnapOnboarding-iOS";
			sourceTree = "<group>";
		};
		9F4CE0C61D0EB2A000A6A1FB /* SnapOnboarding-iOSTests */ = {
			isa = PBXGroup;
			children = (
				9F4CE0C71D0EB2A000A6A1FB /* SnapOnboarding_iOSTests.swift */,
				9F4CE0C91D0EB2A000A6A1FB /* Info.plist */,
			);
			path = "SnapOnboarding-iOSTests";
			sourceTree = "<group>";
		};
		9F4CE0D11D0EB2A000A6A1FB /* SnapOnboarding-iOSUITests */ = {
			isa = PBXGroup;
			children = (
				9F4CE0D21D0EB2A000A6A1FB /* SnapOnboarding_iOSUITests.swift */,
				9F4CE0D41D0EB2A000A6A1FB /* Info.plist */,
			);
			path = "SnapOnboarding-iOSUITests";
			sourceTree = "<group>";
		};
		DA9F3647897C00CAF312E1F6 /* Frameworks */ = {
			isa = PBXGroup;
			children = (
				A76A7E5A385D5EAABCF2AFEA /* Pods_SnapOnboarding_iOS.framework */,
				2B6EDB55121C9D11510752EE /* Pods_SnapOnboarding_iOSTests.framework */,
				4D15C0E862D794A7AA1142D8 /* Pods_SnapOnboarding_iOSUITests.framework */,
			);
			name = Frameworks;
			sourceTree = "<group>";
		};
/* End PBXGroup section */

/* Begin PBXNativeTarget section */
		9F4CE0AE1D0EB29F00A6A1FB /* SnapOnboarding-iOS */ = {
			isa = PBXNativeTarget;
			buildConfigurationList = 9F4CE0D71D0EB2A000A6A1FB /* Build configuration list for PBXNativeTarget "SnapOnboarding-iOS" */;
			buildPhases = (
				32DB1EE53E6A863A94C2348B /* [CP] Check Pods Manifest.lock */,
				9F4CE0AB1D0EB29F00A6A1FB /* Sources */,
				9F4CE0AC1D0EB29F00A6A1FB /* Frameworks */,
				9F4CE0AD1D0EB29F00A6A1FB /* Resources */,
				71038536529FD24C7F8FB0A0 /* [CP] Embed Pods Frameworks */,
				44EA2FC4C4E52ED2355AEC06 /* [CP] Copy Pods Resources */,
			);
			buildRules = (
			);
			dependencies = (
			);
			name = "SnapOnboarding-iOS";
			productName = "SnapOnboarding-iOS";
			productReference = 9F4CE0AF1D0EB29F00A6A1FB /* SnapOnboarding-iOS.app */;
			productType = "com.apple.product-type.application";
		};
		9F4CE0C21D0EB2A000A6A1FB /* SnapOnboarding-iOSTests */ = {
			isa = PBXNativeTarget;
			buildConfigurationList = 9F4CE0DA1D0EB2A000A6A1FB /* Build configuration list for PBXNativeTarget "SnapOnboarding-iOSTests" */;
			buildPhases = (
				0B0202478826022E5CE9AC37 /* [CP] Check Pods Manifest.lock */,
				9F4CE0BF1D0EB2A000A6A1FB /* Sources */,
				9F4CE0C01D0EB2A000A6A1FB /* Frameworks */,
				9F4CE0C11D0EB2A000A6A1FB /* Resources */,
				741403B2AD14B8CEA1CC8E89 /* [CP] Embed Pods Frameworks */,
				26EEF9FDB1013778A1C9398B /* [CP] Copy Pods Resources */,
			);
			buildRules = (
			);
			dependencies = (
				9F4CE0C51D0EB2A000A6A1FB /* PBXTargetDependency */,
			);
			name = "SnapOnboarding-iOSTests";
			productName = "SnapOnboarding-iOSTests";
			productReference = 9F4CE0C31D0EB2A000A6A1FB /* SnapOnboarding-iOSTests.xctest */;
			productType = "com.apple.product-type.bundle.unit-test";
		};
		9F4CE0CD1D0EB2A000A6A1FB /* SnapOnboarding-iOSUITests */ = {
			isa = PBXNativeTarget;
			buildConfigurationList = 9F4CE0DD1D0EB2A000A6A1FB /* Build configuration list for PBXNativeTarget "SnapOnboarding-iOSUITests" */;
			buildPhases = (
				38B48B3CC7B8170D53E42B74 /* [CP] Check Pods Manifest.lock */,
				9F4CE0CA1D0EB2A000A6A1FB /* Sources */,
				9F4CE0CB1D0EB2A000A6A1FB /* Frameworks */,
				9F4CE0CC1D0EB2A000A6A1FB /* Resources */,
				C5495BECF1786582F30B703E /* [CP] Copy Pods Resources */,
			);
			buildRules = (
			);
			dependencies = (
				9F4CE0D01D0EB2A000A6A1FB /* PBXTargetDependency */,
			);
			name = "SnapOnboarding-iOSUITests";
			productName = "SnapOnboarding-iOSUITests";
			productReference = 9F4CE0CE1D0EB2A000A6A1FB /* SnapOnboarding-iOSUITests.xctest */;
			productType = "com.apple.product-type.bundle.ui-testing";
		};
/* End PBXNativeTarget section */

/* Begin PBXProject section */
		9F4CE0A71D0EB29F00A6A1FB /* Project object */ = {
			isa = PBXProject;
			attributes = {
				LastSwiftUpdateCheck = 0730;
				LastUpgradeCheck = 0730;
				ORGANIZATIONNAME = "Gaute Solheim";
				TargetAttributes = {
					9F4CE0AE1D0EB29F00A6A1FB = {
						CreatedOnToolsVersion = 7.3.1;
					};
					9F4CE0C21D0EB2A000A6A1FB = {
						CreatedOnToolsVersion = 7.3.1;
						TestTargetID = 9F4CE0AE1D0EB29F00A6A1FB;
					};
					9F4CE0CD1D0EB2A000A6A1FB = {
						CreatedOnToolsVersion = 7.3.1;
						TestTargetID = 9F4CE0AE1D0EB29F00A6A1FB;
					};
				};
			};
			buildConfigurationList = 9F4CE0AA1D0EB29F00A6A1FB /* Build configuration list for PBXProject "SnapOnboarding-iOS" */;
			compatibilityVersion = "Xcode 3.2";
			developmentRegion = English;
			hasScannedForEncodings = 0;
			knownRegions = (
				Base,
			);
			mainGroup = 9F4CE0A61D0EB29F00A6A1FB;
			productRefGroup = 9F4CE0B01D0EB29F00A6A1FB /* Products */;
			projectDirPath = "";
			projectRoot = "";
			targets = (
				9F4CE0AE1D0EB29F00A6A1FB /* SnapOnboarding-iOS */,
				9F4CE0C21D0EB2A000A6A1FB /* SnapOnboarding-iOSTests */,
				9F4CE0CD1D0EB2A000A6A1FB /* SnapOnboarding-iOSUITests */,
			);
		};
/* End PBXProject section */

/* Begin PBXResourcesBuildPhase section */
		9F4CE0AD1D0EB29F00A6A1FB /* Resources */ = {
			isa = PBXResourcesBuildPhase;
			buildActionMask = 2147483647;
			files = (
				9F4CE0BD1D0EB2A000A6A1FB /* LaunchScreen.storyboard in Resources */,
				9F150B721D17CF4800C3D716 /* SnapOnboarding.storyboard in Resources */,
				9F4CE0BA1D0EB2A000A6A1FB /* Assets.xcassets in Resources */,
				9F4CE0B81D0EB2A000A6A1FB /* Main.storyboard in Resources */,
			);
			runOnlyForDeploymentPostprocessing = 0;
		};
		9F4CE0C11D0EB2A000A6A1FB /* Resources */ = {
			isa = PBXResourcesBuildPhase;
			buildActionMask = 2147483647;
			files = (
			);
			runOnlyForDeploymentPostprocessing = 0;
		};
		9F4CE0CC1D0EB2A000A6A1FB /* Resources */ = {
			isa = PBXResourcesBuildPhase;
			buildActionMask = 2147483647;
			files = (
			);
			runOnlyForDeploymentPostprocessing = 0;
		};
/* End PBXResourcesBuildPhase section */

/* Begin PBXShellScriptBuildPhase section */
		0B0202478826022E5CE9AC37 /* [CP] Check Pods Manifest.lock */ = {
			isa = PBXShellScriptBuildPhase;
			buildActionMask = 2147483647;
			files = (
			);
			inputPaths = (
			);
			name = "[CP] Check Pods Manifest.lock";
			outputPaths = (
			);
			runOnlyForDeploymentPostprocessing = 0;
			shellPath = /bin/sh;
			shellScript = "diff \"${PODS_ROOT}/../Podfile.lock\" \"${PODS_ROOT}/Manifest.lock\" > /dev/null\nif [[ $? != 0 ]] ; then\n    cat << EOM\nerror: The sandbox is not in sync with the Podfile.lock. Run 'pod install' or update your CocoaPods installation.\nEOM\n    exit 1\nfi\n";
			showEnvVarsInLog = 0;
		};
		26EEF9FDB1013778A1C9398B /* [CP] Copy Pods Resources */ = {
			isa = PBXShellScriptBuildPhase;
			buildActionMask = 2147483647;
			files = (
			);
			inputPaths = (
			);
			name = "[CP] Copy Pods Resources";
			outputPaths = (
			);
			runOnlyForDeploymentPostprocessing = 0;
			shellPath = /bin/sh;
			shellScript = "\"${SRCROOT}/Pods/Target Support Files/Pods-SnapOnboarding-iOSTests/Pods-SnapOnboarding-iOSTests-resources.sh\"\n";
			showEnvVarsInLog = 0;
		};
		32DB1EE53E6A863A94C2348B /* [CP] Check Pods Manifest.lock */ = {
			isa = PBXShellScriptBuildPhase;
			buildActionMask = 2147483647;
			files = (
			);
			inputPaths = (
			);
			name = "[CP] Check Pods Manifest.lock";
			outputPaths = (
			);
			runOnlyForDeploymentPostprocessing = 0;
			shellPath = /bin/sh;
			shellScript = "diff \"${PODS_ROOT}/../Podfile.lock\" \"${PODS_ROOT}/Manifest.lock\" > /dev/null\nif [[ $? != 0 ]] ; then\n    cat << EOM\nerror: The sandbox is not in sync with the Podfile.lock. Run 'pod install' or update your CocoaPods installation.\nEOM\n    exit 1\nfi\n";
			showEnvVarsInLog = 0;
		};
		38B48B3CC7B8170D53E42B74 /* [CP] Check Pods Manifest.lock */ = {
			isa = PBXShellScriptBuildPhase;
			buildActionMask = 2147483647;
			files = (
			);
			inputPaths = (
			);
			name = "[CP] Check Pods Manifest.lock";
			outputPaths = (
			);
			runOnlyForDeploymentPostprocessing = 0;
			shellPath = /bin/sh;
			shellScript = "diff \"${PODS_ROOT}/../Podfile.lock\" \"${PODS_ROOT}/Manifest.lock\" > /dev/null\nif [[ $? != 0 ]] ; then\n    cat << EOM\nerror: The sandbox is not in sync with the Podfile.lock. Run 'pod install' or update your CocoaPods installation.\nEOM\n    exit 1\nfi\n";
			showEnvVarsInLog = 0;
		};
		44EA2FC4C4E52ED2355AEC06 /* [CP] Copy Pods Resources */ = {
			isa = PBXShellScriptBuildPhase;
			buildActionMask = 2147483647;
			files = (
			);
			inputPaths = (
			);
			name = "[CP] Copy Pods Resources";
			outputPaths = (
			);
			runOnlyForDeploymentPostprocessing = 0;
			shellPath = /bin/sh;
			shellScript = "\"${SRCROOT}/Pods/Target Support Files/Pods-SnapOnboarding-iOS/Pods-SnapOnboarding-iOS-resources.sh\"\n";
			showEnvVarsInLog = 0;
		};
		71038536529FD24C7F8FB0A0 /* [CP] Embed Pods Frameworks */ = {
			isa = PBXShellScriptBuildPhase;
			buildActionMask = 2147483647;
			files = (
			);
			inputPaths = (
			);
			name = "[CP] Embed Pods Frameworks";
			outputPaths = (
			);
			runOnlyForDeploymentPostprocessing = 0;
			shellPath = /bin/sh;
			shellScript = "\"${SRCROOT}/Pods/Target Support Files/Pods-SnapOnboarding-iOS/Pods-SnapOnboarding-iOS-frameworks.sh\"\n";
			showEnvVarsInLog = 0;
		};
		741403B2AD14B8CEA1CC8E89 /* [CP] Embed Pods Frameworks */ = {
			isa = PBXShellScriptBuildPhase;
			buildActionMask = 2147483647;
			files = (
			);
			inputPaths = (
			);
			name = "[CP] Embed Pods Frameworks";
			outputPaths = (
			);
			runOnlyForDeploymentPostprocessing = 0;
			shellPath = /bin/sh;
			shellScript = "\"${SRCROOT}/Pods/Target Support Files/Pods-SnapOnboarding-iOSTests/Pods-SnapOnboarding-iOSTests-frameworks.sh\"\n";
			showEnvVarsInLog = 0;
		};
		C5495BECF1786582F30B703E /* [CP] Copy Pods Resources */ = {
			isa = PBXShellScriptBuildPhase;
			buildActionMask = 2147483647;
			files = (
			);
			inputPaths = (
			);
			name = "[CP] Copy Pods Resources";
			outputPaths = (
			);
			runOnlyForDeploymentPostprocessing = 0;
			shellPath = /bin/sh;
			shellScript = "\"${SRCROOT}/Pods/Target Support Files/Pods-SnapOnboarding-iOSUITests/Pods-SnapOnboarding-iOSUITests-resources.sh\"\n";
			showEnvVarsInLog = 0;
		};
/* End PBXShellScriptBuildPhase section */

/* Begin PBXSourcesBuildPhase section */
		9F4CE0AB1D0EB29F00A6A1FB /* Sources */ = {
			isa = PBXSourcesBuildPhase;
			buildActionMask = 2147483647;
			files = (
				9F9C7D3B1D16CE9A006203B7 /* LocationViewController.swift in Sources */,
				9F0D2E0A1D21261D0085BA12 /* EnableLocationServicesButton.swift in Sources */,
				9F25D07E1D1AE30B00B56D6A /* SnapOnboardingHeadlineLabel.swift in Sources */,
				9F1E9B0B1D0EE54A00E0EC40 /* SnapOnboardingConfiguration.swift in Sources */,
				9F4CE0B51D0EB2A000A6A1FB /* ViewController.swift in Sources */,
				9F1E9B071D0EE2F900E0EC40 /* SnapOnboardingViewController.swift in Sources */,
				9F9C7D3D1D16CEA6006203B7 /* LoginViewController.swift in Sources */,
				9F9C7D391D16CE89006203B7 /* IntroViewController.swift in Sources */,
				9F59C6401D17043900CAD9F7 /* IntroViewControllerDelegate.swift in Sources */,
				9F1E9B161D104E7200E0EC40 /* SnapOnboardingDelegate.swift in Sources */,
				9F59C6431D17072C00CAD9F7 /* LocationViewControllerDelegate.swift in Sources */,
				9F0D2E0C1D214E830085BA12 /* SnapOnboardingViewControllerProtocol.swift in Sources */,
				9F0D2E0F1D215EB90085BA12 /* LocationViewControllerProtocol.swift in Sources */,
				9FADA8B61D1974DF00746E71 /* LoginViewControllerDelegate.swift in Sources */,
				9F4CE0B31D0EB2A000A6A1FB /* AppDelegate.swift in Sources */,
			);
			runOnlyForDeploymentPostprocessing = 0;
		};
		9F4CE0BF1D0EB2A000A6A1FB /* Sources */ = {
			isa = PBXSourcesBuildPhase;
			buildActionMask = 2147483647;
			files = (
				9F4CE0C81D0EB2A000A6A1FB /* SnapOnboarding_iOSTests.swift in Sources */,
			);
			runOnlyForDeploymentPostprocessing = 0;
		};
		9F4CE0CA1D0EB2A000A6A1FB /* Sources */ = {
			isa = PBXSourcesBuildPhase;
			buildActionMask = 2147483647;
			files = (
				9F4CE0D31D0EB2A000A6A1FB /* SnapOnboarding_iOSUITests.swift in Sources */,
			);
			runOnlyForDeploymentPostprocessing = 0;
		};
/* End PBXSourcesBuildPhase section */

/* Begin PBXTargetDependency section */
		9F4CE0C51D0EB2A000A6A1FB /* PBXTargetDependency */ = {
			isa = PBXTargetDependency;
			target = 9F4CE0AE1D0EB29F00A6A1FB /* SnapOnboarding-iOS */;
			targetProxy = 9F4CE0C41D0EB2A000A6A1FB /* PBXContainerItemProxy */;
		};
		9F4CE0D01D0EB2A000A6A1FB /* PBXTargetDependency */ = {
			isa = PBXTargetDependency;
			target = 9F4CE0AE1D0EB29F00A6A1FB /* SnapOnboarding-iOS */;
			targetProxy = 9F4CE0CF1D0EB2A000A6A1FB /* PBXContainerItemProxy */;
		};
/* End PBXTargetDependency section */

/* Begin PBXVariantGroup section */
		9F150B741D17CF4800C3D716 /* SnapOnboarding.storyboard */ = {
			isa = PBXVariantGroup;
			children = (
				9F150B731D17CF4800C3D716 /* Base */,
			);
			name = SnapOnboarding.storyboard;
			sourceTree = "<group>";
		};
		9F4CE0B61D0EB2A000A6A1FB /* Main.storyboard */ = {
			isa = PBXVariantGroup;
			children = (
				9F4CE0B71D0EB2A000A6A1FB /* Base */,
			);
			name = Main.storyboard;
			path = "SnapOnboarding-iOS";
			sourceTree = "<group>";
		};
		9F4CE0BB1D0EB2A000A6A1FB /* LaunchScreen.storyboard */ = {
			isa = PBXVariantGroup;
			children = (
				9F4CE0BC1D0EB2A000A6A1FB /* Base */,
			);
			name = LaunchScreen.storyboard;
			path = "SnapOnboarding-iOS";
			sourceTree = "<group>";
		};
/* End PBXVariantGroup section */

/* Begin XCBuildConfiguration section */
		9F4CE0D51D0EB2A000A6A1FB /* Debug */ = {
			isa = XCBuildConfiguration;
			buildSettings = {
				ALWAYS_SEARCH_USER_PATHS = NO;
				CLANG_ANALYZER_NONNULL = YES;
				CLANG_CXX_LANGUAGE_STANDARD = "gnu++0x";
				CLANG_CXX_LIBRARY = "libc++";
				CLANG_ENABLE_MODULES = YES;
				CLANG_ENABLE_OBJC_ARC = YES;
				CLANG_WARN_BOOL_CONVERSION = YES;
				CLANG_WARN_CONSTANT_CONVERSION = YES;
				CLANG_WARN_DIRECT_OBJC_ISA_USAGE = YES_ERROR;
				CLANG_WARN_EMPTY_BODY = YES;
				CLANG_WARN_ENUM_CONVERSION = YES;
				CLANG_WARN_INT_CONVERSION = YES;
				CLANG_WARN_OBJC_ROOT_CLASS = YES_ERROR;
				CLANG_WARN_UNREACHABLE_CODE = YES;
				CLANG_WARN__DUPLICATE_METHOD_MATCH = YES;
				"CODE_SIGN_IDENTITY[sdk=iphoneos*]" = "iPhone Developer";
				COPY_PHASE_STRIP = NO;
				DEBUG_INFORMATION_FORMAT = dwarf;
				ENABLE_STRICT_OBJC_MSGSEND = YES;
				ENABLE_TESTABILITY = YES;
				GCC_C_LANGUAGE_STANDARD = gnu99;
				GCC_DYNAMIC_NO_PIC = NO;
				GCC_NO_COMMON_BLOCKS = YES;
				GCC_OPTIMIZATION_LEVEL = 0;
				GCC_PREPROCESSOR_DEFINITIONS = (
					"DEBUG=1",
					"$(inherited)",
				);
				GCC_WARN_64_TO_32_BIT_CONVERSION = YES;
				GCC_WARN_ABOUT_RETURN_TYPE = YES_ERROR;
				GCC_WARN_UNDECLARED_SELECTOR = YES;
				GCC_WARN_UNINITIALIZED_AUTOS = YES_AGGRESSIVE;
				GCC_WARN_UNUSED_FUNCTION = YES;
				GCC_WARN_UNUSED_VARIABLE = YES;
				IPHONEOS_DEPLOYMENT_TARGET = 8.0;
				MTL_ENABLE_DEBUG_INFO = YES;
				ONLY_ACTIVE_ARCH = YES;
				SDKROOT = iphoneos;
				SWIFT_OPTIMIZATION_LEVEL = "-Onone";
				TARGETED_DEVICE_FAMILY = "1,2";
			};
			name = Debug;
		};
		9F4CE0D61D0EB2A000A6A1FB /* Release */ = {
			isa = XCBuildConfiguration;
			buildSettings = {
				ALWAYS_SEARCH_USER_PATHS = NO;
				CLANG_ANALYZER_NONNULL = YES;
				CLANG_CXX_LANGUAGE_STANDARD = "gnu++0x";
				CLANG_CXX_LIBRARY = "libc++";
				CLANG_ENABLE_MODULES = YES;
				CLANG_ENABLE_OBJC_ARC = YES;
				CLANG_WARN_BOOL_CONVERSION = YES;
				CLANG_WARN_CONSTANT_CONVERSION = YES;
				CLANG_WARN_DIRECT_OBJC_ISA_USAGE = YES_ERROR;
				CLANG_WARN_EMPTY_BODY = YES;
				CLANG_WARN_ENUM_CONVERSION = YES;
				CLANG_WARN_INT_CONVERSION = YES;
				CLANG_WARN_OBJC_ROOT_CLASS = YES_ERROR;
				CLANG_WARN_UNREACHABLE_CODE = YES;
				CLANG_WARN__DUPLICATE_METHOD_MATCH = YES;
				"CODE_SIGN_IDENTITY[sdk=iphoneos*]" = "iPhone Developer";
				COPY_PHASE_STRIP = NO;
				DEBUG_INFORMATION_FORMAT = "dwarf-with-dsym";
				ENABLE_NS_ASSERTIONS = NO;
				ENABLE_STRICT_OBJC_MSGSEND = YES;
				GCC_C_LANGUAGE_STANDARD = gnu99;
				GCC_NO_COMMON_BLOCKS = YES;
				GCC_WARN_64_TO_32_BIT_CONVERSION = YES;
				GCC_WARN_ABOUT_RETURN_TYPE = YES_ERROR;
				GCC_WARN_UNDECLARED_SELECTOR = YES;
				GCC_WARN_UNINITIALIZED_AUTOS = YES_AGGRESSIVE;
				GCC_WARN_UNUSED_FUNCTION = YES;
				GCC_WARN_UNUSED_VARIABLE = YES;
				IPHONEOS_DEPLOYMENT_TARGET = 8.0;
				MTL_ENABLE_DEBUG_INFO = NO;
				SDKROOT = iphoneos;
				TARGETED_DEVICE_FAMILY = "1,2";
				VALIDATE_PRODUCT = YES;
			};
			name = Release;
		};
		9F4CE0D81D0EB2A000A6A1FB /* Debug */ = {
			isa = XCBuildConfiguration;
			baseConfigurationReference = 61FA61E55698DC3EA237BB46 /* Pods-SnapOnboarding-iOS.debug.xcconfig */;
			buildSettings = {
				ASSETCATALOG_COMPILER_APPICON_NAME = AppIcon;
				INFOPLIST_FILE = "SnapOnboarding-iOS/Info.plist";
				IPHONEOS_DEPLOYMENT_TARGET = 8.0;
				LD_RUNPATH_SEARCH_PATHS = "$(inherited) @executable_path/Frameworks";
				PRODUCT_BUNDLE_IDENTIFIER = "com.gautesolheim.SnapOnboarding-iOS";
				PRODUCT_NAME = "$(TARGET_NAME)";
			};
			name = Debug;
		};
		9F4CE0D91D0EB2A000A6A1FB /* Release */ = {
			isa = XCBuildConfiguration;
			baseConfigurationReference = 83E0D5046DFCB39BD51FA799 /* Pods-SnapOnboarding-iOS.release.xcconfig */;
			buildSettings = {
				ASSETCATALOG_COMPILER_APPICON_NAME = AppIcon;
				INFOPLIST_FILE = "SnapOnboarding-iOS/Info.plist";
				IPHONEOS_DEPLOYMENT_TARGET = 8.0;
				LD_RUNPATH_SEARCH_PATHS = "$(inherited) @executable_path/Frameworks";
				PRODUCT_BUNDLE_IDENTIFIER = "com.gautesolheim.SnapOnboarding-iOS";
				PRODUCT_NAME = "$(TARGET_NAME)";
			};
			name = Release;
		};
		9F4CE0DB1D0EB2A000A6A1FB /* Debug */ = {
			isa = XCBuildConfiguration;
			baseConfigurationReference = 536EFA56B0C768995691AFF3 /* Pods-SnapOnboarding-iOSTests.debug.xcconfig */;
			buildSettings = {
				BUNDLE_LOADER = "$(TEST_HOST)";
				INFOPLIST_FILE = "SnapOnboarding-iOSTests/Info.plist";
				LD_RUNPATH_SEARCH_PATHS = "$(inherited) @executable_path/Frameworks @loader_path/Frameworks";
				PRODUCT_BUNDLE_IDENTIFIER = "com.gautesolheim.SnapOnboarding-iOSTests";
				PRODUCT_NAME = "$(TARGET_NAME)";
				TEST_HOST = "$(BUILT_PRODUCTS_DIR)/SnapOnboarding-iOS.app/SnapOnboarding-iOS";
			};
			name = Debug;
		};
		9F4CE0DC1D0EB2A000A6A1FB /* Release */ = {
			isa = XCBuildConfiguration;
			baseConfigurationReference = E7FD148DE0B50B30630A0909 /* Pods-SnapOnboarding-iOSTests.release.xcconfig */;
			buildSettings = {
				BUNDLE_LOADER = "$(TEST_HOST)";
				INFOPLIST_FILE = "SnapOnboarding-iOSTests/Info.plist";
				LD_RUNPATH_SEARCH_PATHS = "$(inherited) @executable_path/Frameworks @loader_path/Frameworks";
				PRODUCT_BUNDLE_IDENTIFIER = "com.gautesolheim.SnapOnboarding-iOSTests";
				PRODUCT_NAME = "$(TARGET_NAME)";
				TEST_HOST = "$(BUILT_PRODUCTS_DIR)/SnapOnboarding-iOS.app/SnapOnboarding-iOS";
			};
			name = Release;
		};
		9F4CE0DE1D0EB2A000A6A1FB /* Debug */ = {
			isa = XCBuildConfiguration;
			baseConfigurationReference = 058FF73DE5D90C7A5E7E65FB /* Pods-SnapOnboarding-iOSUITests.debug.xcconfig */;
			buildSettings = {
				INFOPLIST_FILE = "SnapOnboarding-iOSUITests/Info.plist";
				LD_RUNPATH_SEARCH_PATHS = "$(inherited) @executable_path/Frameworks @loader_path/Frameworks";
				PRODUCT_BUNDLE_IDENTIFIER = "com.gautesolheim.SnapOnboarding-iOSUITests";
				PRODUCT_NAME = "$(TARGET_NAME)";
				TEST_TARGET_NAME = "SnapOnboarding-iOS";
			};
			name = Debug;
		};
		9F4CE0DF1D0EB2A000A6A1FB /* Release */ = {
			isa = XCBuildConfiguration;
			baseConfigurationReference = 0D506531B2C045BC775ECF99 /* Pods-SnapOnboarding-iOSUITests.release.xcconfig */;
			buildSettings = {
				INFOPLIST_FILE = "SnapOnboarding-iOSUITests/Info.plist";
				LD_RUNPATH_SEARCH_PATHS = "$(inherited) @executable_path/Frameworks @loader_path/Frameworks";
				PRODUCT_BUNDLE_IDENTIFIER = "com.gautesolheim.SnapOnboarding-iOSUITests";
				PRODUCT_NAME = "$(TARGET_NAME)";
				TEST_TARGET_NAME = "SnapOnboarding-iOS";
			};
			name = Release;
		};
/* End XCBuildConfiguration section */

/* Begin XCConfigurationList section */
		9F4CE0AA1D0EB29F00A6A1FB /* Build configuration list for PBXProject "SnapOnboarding-iOS" */ = {
			isa = XCConfigurationList;
			buildConfigurations = (
				9F4CE0D51D0EB2A000A6A1FB /* Debug */,
				9F4CE0D61D0EB2A000A6A1FB /* Release */,
			);
			defaultConfigurationIsVisible = 0;
			defaultConfigurationName = Release;
		};
		9F4CE0D71D0EB2A000A6A1FB /* Build configuration list for PBXNativeTarget "SnapOnboarding-iOS" */ = {
			isa = XCConfigurationList;
			buildConfigurations = (
				9F4CE0D81D0EB2A000A6A1FB /* Debug */,
				9F4CE0D91D0EB2A000A6A1FB /* Release */,
			);
			defaultConfigurationIsVisible = 0;
			defaultConfigurationName = Release;
		};
		9F4CE0DA1D0EB2A000A6A1FB /* Build configuration list for PBXNativeTarget "SnapOnboarding-iOSTests" */ = {
			isa = XCConfigurationList;
			buildConfigurations = (
				9F4CE0DB1D0EB2A000A6A1FB /* Debug */,
				9F4CE0DC1D0EB2A000A6A1FB /* Release */,
			);
			defaultConfigurationIsVisible = 0;
			defaultConfigurationName = Release;
		};
		9F4CE0DD1D0EB2A000A6A1FB /* Build configuration list for PBXNativeTarget "SnapOnboarding-iOSUITests" */ = {
			isa = XCConfigurationList;
			buildConfigurations = (
				9F4CE0DE1D0EB2A000A6A1FB /* Debug */,
				9F4CE0DF1D0EB2A000A6A1FB /* Release */,
			);
			defaultConfigurationIsVisible = 0;
			defaultConfigurationName = Release;
		};
/* End XCConfigurationList section */
	};
	rootObject = 9F4CE0A71D0EB29F00A6A1FB /* Project object */;
}
